Microsoft Visual Studio Solution File, Format Version 12.00
# Visual Studio Version 17
VisualStudioVersion = 17.0.31903.59
MinimumVisualStudioVersion = 10.0.40219.1
Project("{8BC9CEB8-8B4A-11D0-8D11-00A0C91BC942}") = "HelloCustomWidgets", "vs\HelloCustomWidgets.vcxproj", "{AA3090DF-1484-473C-A87D-5E381BDCD05F}"
EndProject
Global
	GlobalSection(SolutionConfigurationPlatforms) = preSolution
		Debug|x64 = Debug|x64
		Release|x64 = Release|x64
		HCW_showcase_Debug|x64 = HCW_showcase_Debug|x64
		HCW_showcase_Release|x64 = HCW_showcase_Release|x64
		HCW_display_access_text_Debug|x64 = HCW_display_access_text_Debug|x64
		HCW_display_access_text_Release|x64 = HCW_display_access_text_Release|x64
		HCW_display_animated_icon_Debug|x64 = HCW_display_animated_icon_Debug|x64
		HCW_display_animated_icon_Release|x64 = HCW_display_animated_icon_Release|x64
		HCW_display_arc_Debug|x64 = HCW_display_arc_Debug|x64
		HCW_display_arc_Release|x64 = HCW_display_arc_Release|x64
		HCW_display_badge_Debug|x64 = HCW_display_badge_Debug|x64
		HCW_display_badge_Release|x64 = HCW_display_badge_Release|x64
		HCW_display_badge_group_Debug|x64 = HCW_display_badge_group_Debug|x64
		HCW_display_badge_group_Release|x64 = HCW_display_badge_group_Release|x64
		HCW_display_bitmap_icon_Debug|x64 = HCW_display_bitmap_icon_Debug|x64
		HCW_display_bitmap_icon_Release|x64 = HCW_display_bitmap_icon_Release|x64
		HCW_display_card_panel_Debug|x64 = HCW_display_card_panel_Debug|x64
		HCW_display_card_panel_Release|x64 = HCW_display_card_panel_Release|x64
		HCW_display_counter_badge_Debug|x64 = HCW_display_counter_badge_Debug|x64
		HCW_display_counter_badge_Release|x64 = HCW_display_counter_badge_Release|x64
		HCW_display_divider_Debug|x64 = HCW_display_divider_Debug|x64
		HCW_display_divider_Release|x64 = HCW_display_divider_Release|x64
		HCW_display_ellipse_Debug|x64 = HCW_display_ellipse_Debug|x64
		HCW_display_ellipse_Release|x64 = HCW_display_ellipse_Release|x64
		HCW_display_font_icon_Debug|x64 = HCW_display_font_icon_Debug|x64
		HCW_display_font_icon_Release|x64 = HCW_display_font_icon_Release|x64
		HCW_display_glyphs_Debug|x64 = HCW_display_glyphs_Debug|x64
		HCW_display_glyphs_Release|x64 = HCW_display_glyphs_Release|x64
		HCW_display_image_control_Debug|x64 = HCW_display_image_control_Debug|x64
		HCW_display_image_control_Release|x64 = HCW_display_image_control_Release|x64
		HCW_display_image_icon_Debug|x64 = HCW_display_image_icon_Debug|x64
		HCW_display_image_icon_Release|x64 = HCW_display_image_icon_Release|x64
		HCW_display_info_badge_Debug|x64 = HCW_display_info_badge_Debug|x64
		HCW_display_info_badge_Release|x64 = HCW_display_info_badge_Release|x64
		HCW_display_info_label_Debug|x64 = HCW_display_info_label_Debug|x64
		HCW_display_info_label_Release|x64 = HCW_display_info_label_Release|x64
		HCW_display_label_control_Debug|x64 = HCW_display_label_control_Debug|x64
		HCW_display_label_control_Release|x64 = HCW_display_label_control_Release|x64
		HCW_display_line_Debug|x64 = HCW_display_line_Debug|x64
		HCW_display_line_Release|x64 = HCW_display_line_Release|x64
		HCW_display_path_Debug|x64 = HCW_display_path_Debug|x64
		HCW_display_path_Release|x64 = HCW_display_path_Release|x64
		HCW_display_path_icon_Debug|x64 = HCW_display_path_icon_Debug|x64
		HCW_display_path_icon_Release|x64 = HCW_display_path_icon_Release|x64
		HCW_display_person_picture_Debug|x64 = HCW_display_person_picture_Debug|x64
		HCW_display_person_picture_Release|x64 = HCW_display_person_picture_Release|x64
		HCW_display_persona_Debug|x64 = HCW_display_persona_Debug|x64
		HCW_display_persona_Release|x64 = HCW_display_persona_Release|x64
		HCW_display_persona_group_Debug|x64 = HCW_display_persona_group_Debug|x64
		HCW_display_persona_group_Release|x64 = HCW_display_persona_group_Release|x64
		HCW_display_polygon_Debug|x64 = HCW_display_polygon_Debug|x64
		HCW_display_polygon_Release|x64 = HCW_display_polygon_Release|x64
		HCW_display_polyline_Debug|x64 = HCW_display_polyline_Debug|x64
		HCW_display_polyline_Release|x64 = HCW_display_polyline_Release|x64
		HCW_display_presence_badge_Debug|x64 = HCW_display_presence_badge_Debug|x64
		HCW_display_presence_badge_Release|x64 = HCW_display_presence_badge_Release|x64
		HCW_display_rectangle_Debug|x64 = HCW_display_rectangle_Debug|x64
		HCW_display_rectangle_Release|x64 = HCW_display_rectangle_Release|x64
		HCW_display_rich_text_block_Debug|x64 = HCW_display_rich_text_block_Debug|x64
		HCW_display_rich_text_block_Release|x64 = HCW_display_rich_text_block_Release|x64
		HCW_display_status_bar_Debug|x64 = HCW_display_status_bar_Debug|x64
		HCW_display_status_bar_Release|x64 = HCW_display_status_bar_Release|x64
		HCW_display_symbol_icon_Debug|x64 = HCW_display_symbol_icon_Debug|x64
		HCW_display_symbol_icon_Release|x64 = HCW_display_symbol_icon_Release|x64
		HCW_display_tag_Debug|x64 = HCW_display_tag_Debug|x64
		HCW_display_tag_Release|x64 = HCW_display_tag_Release|x64
		HCW_display_text_block_Debug|x64 = HCW_display_text_block_Debug|x64
		HCW_display_text_block_Release|x64 = HCW_display_text_block_Release|x64
		HCW_feedback_activity_ring_Debug|x64 = HCW_feedback_activity_ring_Debug|x64
		HCW_feedback_activity_ring_Release|x64 = HCW_feedback_activity_ring_Release|x64
		HCW_feedback_dialog_sheet_Debug|x64 = HCW_feedback_dialog_sheet_Debug|x64
		HCW_feedback_dialog_sheet_Release|x64 = HCW_feedback_dialog_sheet_Release|x64
		HCW_feedback_flyout_Debug|x64 = HCW_feedback_flyout_Debug|x64
		HCW_feedback_flyout_Release|x64 = HCW_feedback_flyout_Release|x64
		HCW_feedback_info_bar_Debug|x64 = HCW_feedback_info_bar_Debug|x64
		HCW_feedback_info_bar_Release|x64 = HCW_feedback_info_bar_Release|x64
		HCW_feedback_message_bar_Debug|x64 = HCW_feedback_message_bar_Debug|x64
		HCW_feedback_message_bar_Release|x64 = HCW_feedback_message_bar_Release|x64
		HCW_feedback_progress_bar_Debug|x64 = HCW_feedback_progress_bar_Debug|x64
		HCW_feedback_progress_bar_Release|x64 = HCW_feedback_progress_bar_Release|x64
		HCW_feedback_skeleton_Debug|x64 = HCW_feedback_skeleton_Debug|x64
		HCW_feedback_skeleton_Release|x64 = HCW_feedback_skeleton_Release|x64
		HCW_feedback_snackbar_Debug|x64 = HCW_feedback_snackbar_Debug|x64
		HCW_feedback_snackbar_Release|x64 = HCW_feedback_snackbar_Release|x64
		HCW_feedback_spinner_Debug|x64 = HCW_feedback_spinner_Debug|x64
		HCW_feedback_spinner_Release|x64 = HCW_feedback_spinner_Release|x64
		HCW_feedback_teaching_tip_Debug|x64 = HCW_feedback_teaching_tip_Debug|x64
		HCW_feedback_teaching_tip_Release|x64 = HCW_feedback_teaching_tip_Release|x64
		HCW_feedback_toast_stack_Debug|x64 = HCW_feedback_toast_stack_Debug|x64
		HCW_feedback_toast_stack_Release|x64 = HCW_feedback_toast_stack_Release|x64
		HCW_feedback_tool_tip_Debug|x64 = HCW_feedback_tool_tip_Debug|x64
		HCW_feedback_tool_tip_Release|x64 = HCW_feedback_tool_tip_Release|x64
		HCW_input_auto_suggest_box_Debug|x64 = HCW_input_auto_suggest_box_Debug|x64
		HCW_input_auto_suggest_box_Release|x64 = HCW_input_auto_suggest_box_Release|x64
		HCW_input_button_Debug|x64 = HCW_input_button_Debug|x64
		HCW_input_button_Release|x64 = HCW_input_button_Release|x64
		HCW_input_calendar_date_picker_Debug|x64 = HCW_input_calendar_date_picker_Debug|x64
		HCW_input_calendar_date_picker_Release|x64 = HCW_input_calendar_date_picker_Release|x64
		HCW_input_calendar_view_Debug|x64 = HCW_input_calendar_view_Debug|x64
		HCW_input_calendar_view_Release|x64 = HCW_input_calendar_view_Release|x64
		HCW_input_check_box_Debug|x64 = HCW_input_check_box_Debug|x64
		HCW_input_check_box_Release|x64 = HCW_input_check_box_Release|x64
		HCW_input_color_picker_Debug|x64 = HCW_input_color_picker_Debug|x64
		HCW_input_color_picker_Release|x64 = HCW_input_color_picker_Release|x64
		HCW_input_combo_box_Debug|x64 = HCW_input_combo_box_Debug|x64
		HCW_input_combo_box_Release|x64 = HCW_input_combo_box_Release|x64
		HCW_input_command_bar_Debug|x64 = HCW_input_command_bar_Debug|x64
		HCW_input_command_bar_Release|x64 = HCW_input_command_bar_Release|x64
		HCW_input_command_bar_flyout_Debug|x64 = HCW_input_command_bar_flyout_Debug|x64
		HCW_input_command_bar_flyout_Release|x64 = HCW_input_command_bar_flyout_Release|x64
		HCW_input_compound_button_Debug|x64 = HCW_input_compound_button_Debug|x64
		HCW_input_compound_button_Release|x64 = HCW_input_compound_button_Release|x64
		HCW_input_date_picker_Debug|x64 = HCW_input_date_picker_Debug|x64
		HCW_input_date_picker_Release|x64 = HCW_input_date_picker_Release|x64
		HCW_input_drop_down_button_Debug|x64 = HCW_input_drop_down_button_Debug|x64
		HCW_input_drop_down_button_Release|x64 = HCW_input_drop_down_button_Release|x64
		HCW_input_field_Debug|x64 = HCW_input_field_Debug|x64
		HCW_input_field_Release|x64 = HCW_input_field_Release|x64
		HCW_input_hyperlink_button_Debug|x64 = HCW_input_hyperlink_button_Debug|x64
		HCW_input_hyperlink_button_Release|x64 = HCW_input_hyperlink_button_Release|x64
		HCW_input_menu_button_Debug|x64 = HCW_input_menu_button_Debug|x64
		HCW_input_menu_button_Release|x64 = HCW_input_menu_button_Release|x64
		HCW_input_number_box_Debug|x64 = HCW_input_number_box_Debug|x64
		HCW_input_number_box_Release|x64 = HCW_input_number_box_Release|x64
		HCW_input_password_box_Debug|x64 = HCW_input_password_box_Debug|x64
		HCW_input_password_box_Release|x64 = HCW_input_password_box_Release|x64
		HCW_input_radio_button_Debug|x64 = HCW_input_radio_button_Debug|x64
		HCW_input_radio_button_Release|x64 = HCW_input_radio_button_Release|x64
		HCW_input_radio_buttons_Debug|x64 = HCW_input_radio_buttons_Debug|x64
		HCW_input_radio_buttons_Release|x64 = HCW_input_radio_buttons_Release|x64
		HCW_input_rating_control_Debug|x64 = HCW_input_rating_control_Debug|x64
		HCW_input_rating_control_Release|x64 = HCW_input_rating_control_Release|x64
		HCW_input_repeat_button_Debug|x64 = HCW_input_repeat_button_Debug|x64
		HCW_input_repeat_button_Release|x64 = HCW_input_repeat_button_Release|x64
		HCW_input_rich_edit_box_Debug|x64 = HCW_input_rich_edit_box_Debug|x64
		HCW_input_rich_edit_box_Release|x64 = HCW_input_rich_edit_box_Release|x64
		HCW_input_scroll_bar_Debug|x64 = HCW_input_scroll_bar_Debug|x64
		HCW_input_scroll_bar_Release|x64 = HCW_input_scroll_bar_Release|x64
		HCW_input_search_box_Debug|x64 = HCW_input_search_box_Debug|x64
		HCW_input_search_box_Release|x64 = HCW_input_search_box_Release|x64
		HCW_input_segmented_control_Debug|x64 = HCW_input_segmented_control_Debug|x64
		HCW_input_segmented_control_Release|x64 = HCW_input_segmented_control_Release|x64
		HCW_input_shortcut_recorder_Debug|x64 = HCW_input_shortcut_recorder_Debug|x64
		HCW_input_shortcut_recorder_Release|x64 = HCW_input_shortcut_recorder_Release|x64
		HCW_input_slider_Debug|x64 = HCW_input_slider_Debug|x64
		HCW_input_slider_Release|x64 = HCW_input_slider_Release|x64
		HCW_input_spin_button_Debug|x64 = HCW_input_spin_button_Debug|x64
		HCW_input_spin_button_Release|x64 = HCW_input_spin_button_Release|x64
		HCW_input_split_button_Debug|x64 = HCW_input_split_button_Debug|x64
		HCW_input_split_button_Release|x64 = HCW_input_split_button_Release|x64
		HCW_input_swipe_control_Debug|x64 = HCW_input_swipe_control_Debug|x64
		HCW_input_swipe_control_Release|x64 = HCW_input_swipe_control_Release|x64
		HCW_input_switch_Debug|x64 = HCW_input_switch_Debug|x64
		HCW_input_switch_Release|x64 = HCW_input_switch_Release|x64
		HCW_input_text_box_Debug|x64 = HCW_input_text_box_Debug|x64
		HCW_input_text_box_Release|x64 = HCW_input_text_box_Release|x64
		HCW_input_thumb_rate_Debug|x64 = HCW_input_thumb_rate_Debug|x64
		HCW_input_thumb_rate_Release|x64 = HCW_input_thumb_rate_Release|x64
		HCW_input_tick_bar_Debug|x64 = HCW_input_tick_bar_Debug|x64
		HCW_input_tick_bar_Release|x64 = HCW_input_tick_bar_Release|x64
		HCW_input_time_picker_Debug|x64 = HCW_input_time_picker_Debug|x64
		HCW_input_time_picker_Release|x64 = HCW_input_time_picker_Release|x64
		HCW_input_toggle_button_Debug|x64 = HCW_input_toggle_button_Debug|x64
		HCW_input_toggle_button_Release|x64 = HCW_input_toggle_button_Release|x64
		HCW_input_toggle_split_button_Debug|x64 = HCW_input_toggle_split_button_Debug|x64
		HCW_input_toggle_split_button_Release|x64 = HCW_input_toggle_split_button_Release|x64
		HCW_input_token_input_Debug|x64 = HCW_input_token_input_Debug|x64
		HCW_input_token_input_Release|x64 = HCW_input_token_input_Release|x64
		HCW_input_toolbar_Debug|x64 = HCW_input_toolbar_Debug|x64
		HCW_input_toolbar_Release|x64 = HCW_input_toolbar_Release|x64
		HCW_layout_accordion_Debug|x64 = HCW_layout_accordion_Debug|x64
		HCW_layout_accordion_Release|x64 = HCW_layout_accordion_Release|x64
		HCW_layout_adorner_decorator_Debug|x64 = HCW_layout_adorner_decorator_Debug|x64
		HCW_layout_adorner_decorator_Release|x64 = HCW_layout_adorner_decorator_Release|x64
		HCW_layout_block_ui_container_Debug|x64 = HCW_layout_block_ui_container_Debug|x64
		HCW_layout_block_ui_container_Release|x64 = HCW_layout_block_ui_container_Release|x64
		HCW_layout_border_Debug|x64 = HCW_layout_border_Debug|x64
		HCW_layout_border_Release|x64 = HCW_layout_border_Release|x64
		HCW_layout_bullet_decorator_Debug|x64 = HCW_layout_bullet_decorator_Debug|x64
		HCW_layout_bullet_decorator_Release|x64 = HCW_layout_bullet_decorator_Release|x64
		HCW_layout_canvas_Debug|x64 = HCW_layout_canvas_Debug|x64
		HCW_layout_canvas_Release|x64 = HCW_layout_canvas_Release|x64
		HCW_layout_card_action_Debug|x64 = HCW_layout_card_action_Debug|x64
		HCW_layout_card_action_Release|x64 = HCW_layout_card_action_Release|x64
		HCW_layout_card_control_Debug|x64 = HCW_layout_card_control_Debug|x64
		HCW_layout_card_control_Release|x64 = HCW_layout_card_control_Release|x64
		HCW_layout_card_expander_Debug|x64 = HCW_layout_card_expander_Debug|x64
		HCW_layout_card_expander_Release|x64 = HCW_layout_card_expander_Release|x64
		HCW_layout_content_control_Debug|x64 = HCW_layout_content_control_Debug|x64
		HCW_layout_content_control_Release|x64 = HCW_layout_content_control_Release|x64
		HCW_layout_content_presenter_Debug|x64 = HCW_layout_content_presenter_Debug|x64
		HCW_layout_content_presenter_Release|x64 = HCW_layout_content_presenter_Release|x64
		HCW_layout_data_grid_Debug|x64 = HCW_layout_data_grid_Debug|x64
		HCW_layout_data_grid_Release|x64 = HCW_layout_data_grid_Release|x64
		HCW_layout_data_list_panel_Debug|x64 = HCW_layout_data_list_panel_Debug|x64
		HCW_layout_data_list_panel_Release|x64 = HCW_layout_data_list_panel_Release|x64
		HCW_layout_dock_panel_Debug|x64 = HCW_layout_dock_panel_Debug|x64
		HCW_layout_dock_panel_Release|x64 = HCW_layout_dock_panel_Release|x64
		HCW_layout_drawer_Debug|x64 = HCW_layout_drawer_Debug|x64
		HCW_layout_drawer_Release|x64 = HCW_layout_drawer_Release|x64
		HCW_layout_expander_Debug|x64 = HCW_layout_expander_Debug|x64
		HCW_layout_expander_Release|x64 = HCW_layout_expander_Release|x64
		HCW_layout_figure_Debug|x64 = HCW_layout_figure_Debug|x64
		HCW_layout_figure_Release|x64 = HCW_layout_figure_Release|x64
		HCW_layout_floater_Debug|x64 = HCW_layout_floater_Debug|x64
		HCW_layout_floater_Release|x64 = HCW_layout_floater_Release|x64
		HCW_layout_grid_Debug|x64 = HCW_layout_grid_Debug|x64
		HCW_layout_grid_Release|x64 = HCW_layout_grid_Release|x64
		HCW_layout_grid_splitter_Debug|x64 = HCW_layout_grid_splitter_Debug|x64
		HCW_layout_grid_splitter_Release|x64 = HCW_layout_grid_splitter_Release|x64
		HCW_layout_grid_view_Debug|x64 = HCW_layout_grid_view_Debug|x64
		HCW_layout_grid_view_Release|x64 = HCW_layout_grid_view_Release|x64
		HCW_layout_group_box_Debug|x64 = HCW_layout_group_box_Debug|x64
		HCW_layout_group_box_Release|x64 = HCW_layout_group_box_Release|x64
		HCW_layout_headered_content_control_Debug|x64 = HCW_layout_headered_content_control_Debug|x64
		HCW_layout_headered_content_control_Release|x64 = HCW_layout_headered_content_control_Release|x64
		HCW_layout_headered_items_control_Debug|x64 = HCW_layout_headered_items_control_Debug|x64
		HCW_layout_headered_items_control_Release|x64 = HCW_layout_headered_items_control_Release|x64
		HCW_layout_inline_ui_container_Debug|x64 = HCW_layout_inline_ui_container_Debug|x64
		HCW_layout_inline_ui_container_Release|x64 = HCW_layout_inline_ui_container_Release|x64
		HCW_layout_items_control_Debug|x64 = HCW_layout_items_control_Debug|x64
		HCW_layout_items_control_Release|x64 = HCW_layout_items_control_Release|x64
		HCW_layout_items_repeater_Debug|x64 = HCW_layout_items_repeater_Debug|x64
		HCW_layout_items_repeater_Release|x64 = HCW_layout_items_repeater_Release|x64
		HCW_layout_list_Debug|x64 = HCW_layout_list_Debug|x64
		HCW_layout_list_Release|x64 = HCW_layout_list_Release|x64
		HCW_layout_master_detail_Debug|x64 = HCW_layout_master_detail_Debug|x64
		HCW_layout_master_detail_Release|x64 = HCW_layout_master_detail_Release|x64
		HCW_layout_parallax_view_Debug|x64 = HCW_layout_parallax_view_Debug|x64
		HCW_layout_parallax_view_Release|x64 = HCW_layout_parallax_view_Release|x64
		HCW_layout_relative_panel_Debug|x64 = HCW_layout_relative_panel_Debug|x64
		HCW_layout_relative_panel_Release|x64 = HCW_layout_relative_panel_Release|x64
		HCW_layout_resize_grip_Debug|x64 = HCW_layout_resize_grip_Debug|x64
		HCW_layout_resize_grip_Release|x64 = HCW_layout_resize_grip_Release|x64
		HCW_layout_scroll_presenter_Debug|x64 = HCW_layout_scroll_presenter_Debug|x64
		HCW_layout_scroll_presenter_Release|x64 = HCW_layout_scroll_presenter_Release|x64
		HCW_layout_scroll_viewer_Debug|x64 = HCW_layout_scroll_viewer_Debug|x64
		HCW_layout_scroll_viewer_Release|x64 = HCW_layout_scroll_viewer_Release|x64
		HCW_layout_settings_card_Debug|x64 = HCW_layout_settings_card_Debug|x64
		HCW_layout_settings_card_Release|x64 = HCW_layout_settings_card_Release|x64
		HCW_layout_settings_expander_Debug|x64 = HCW_layout_settings_expander_Debug|x64
		HCW_layout_settings_expander_Release|x64 = HCW_layout_settings_expander_Release|x64
		HCW_layout_settings_panel_Debug|x64 = HCW_layout_settings_panel_Debug|x64
		HCW_layout_settings_panel_Release|x64 = HCW_layout_settings_panel_Release|x64
		HCW_layout_split_view_Debug|x64 = HCW_layout_split_view_Debug|x64
		HCW_layout_split_view_Release|x64 = HCW_layout_split_view_Release|x64
		HCW_layout_stack_panel_Debug|x64 = HCW_layout_stack_panel_Debug|x64
		HCW_layout_stack_panel_Release|x64 = HCW_layout_stack_panel_Release|x64
		HCW_layout_two_pane_view_Debug|x64 = HCW_layout_two_pane_view_Debug|x64
		HCW_layout_two_pane_view_Release|x64 = HCW_layout_two_pane_view_Release|x64
		HCW_layout_uniform_grid_Debug|x64 = HCW_layout_uniform_grid_Debug|x64
		HCW_layout_uniform_grid_Release|x64 = HCW_layout_uniform_grid_Release|x64
		HCW_layout_viewbox_Debug|x64 = HCW_layout_viewbox_Debug|x64
		HCW_layout_viewbox_Release|x64 = HCW_layout_viewbox_Release|x64
		HCW_layout_virtualizing_stack_panel_Debug|x64 = HCW_layout_virtualizing_stack_panel_Debug|x64
		HCW_layout_virtualizing_stack_panel_Release|x64 = HCW_layout_virtualizing_stack_panel_Release|x64
		HCW_layout_virtualizing_wrap_panel_Debug|x64 = HCW_layout_virtualizing_wrap_panel_Debug|x64
		HCW_layout_virtualizing_wrap_panel_Release|x64 = HCW_layout_virtualizing_wrap_panel_Release|x64
		HCW_layout_wrap_panel_Debug|x64 = HCW_layout_wrap_panel_Debug|x64
		HCW_layout_wrap_panel_Release|x64 = HCW_layout_wrap_panel_Release|x64
		HCW_navigation_annotated_scroll_bar_Debug|x64 = HCW_navigation_annotated_scroll_bar_Debug|x64
		HCW_navigation_annotated_scroll_bar_Release|x64 = HCW_navigation_annotated_scroll_bar_Release|x64
		HCW_navigation_breadcrumb_bar_Debug|x64 = HCW_navigation_breadcrumb_bar_Debug|x64
		HCW_navigation_breadcrumb_bar_Release|x64 = HCW_navigation_breadcrumb_bar_Release|x64
		HCW_navigation_flip_view_Debug|x64 = HCW_navigation_flip_view_Debug|x64
		HCW_navigation_flip_view_Release|x64 = HCW_navigation_flip_view_Release|x64
		HCW_navigation_menu_bar_Debug|x64 = HCW_navigation_menu_bar_Debug|x64
		HCW_navigation_menu_bar_Release|x64 = HCW_navigation_menu_bar_Release|x64
		HCW_navigation_menu_flyout_Debug|x64 = HCW_navigation_menu_flyout_Debug|x64
		HCW_navigation_menu_flyout_Release|x64 = HCW_navigation_menu_flyout_Release|x64
		HCW_navigation_nav_panel_Debug|x64 = HCW_navigation_nav_panel_Debug|x64
		HCW_navigation_nav_panel_Release|x64 = HCW_navigation_nav_panel_Release|x64
		HCW_navigation_pips_pager_Debug|x64 = HCW_navigation_pips_pager_Debug|x64
		HCW_navigation_pips_pager_Release|x64 = HCW_navigation_pips_pager_Release|x64
		HCW_navigation_pivot_Debug|x64 = HCW_navigation_pivot_Debug|x64
		HCW_navigation_pivot_Release|x64 = HCW_navigation_pivot_Release|x64
		HCW_navigation_selector_bar_Debug|x64 = HCW_navigation_selector_bar_Debug|x64
		HCW_navigation_selector_bar_Release|x64 = HCW_navigation_selector_bar_Release|x64
		HCW_navigation_tab_strip_Debug|x64 = HCW_navigation_tab_strip_Debug|x64
		HCW_navigation_tab_strip_Release|x64 = HCW_navigation_tab_strip_Release|x64
		HCW_navigation_tab_view_Debug|x64 = HCW_navigation_tab_view_Debug|x64
		HCW_navigation_tab_view_Release|x64 = HCW_navigation_tab_view_Release|x64
		HCW_navigation_title_bar_Debug|x64 = HCW_navigation_title_bar_Debug|x64
		HCW_navigation_title_bar_Release|x64 = HCW_navigation_title_bar_Release|x64
		HCW_navigation_tree_view_Debug|x64 = HCW_navigation_tree_view_Debug|x64
		HCW_navigation_tree_view_Release|x64 = HCW_navigation_tree_view_Release|x64
	EndGlobalSection
	GlobalSection(ProjectConfigurationPlatforms) = postSolution
		{AA3090DF-1484-473C-A87D-5E381BDCD05F}.Debug|x64.ActiveCfg = Debug|x64
		{AA3090DF-1484-473C-A87D-5E381BDCD05F}.Debug|x64.Build.0 = Debug|x64
		{AA3090DF-1484-473C-A87D-5E381BDCD05F}.Release|x64.ActiveCfg = Release|x64
		{AA3090DF-1484-473C-A87D-5E381BDCD05F}.Release|x64.Build.0 = Release|x64
		{AA3090DF-1484-473C-A87D-5E381BDCD05F}.HCW_showcase_Debug|x64.ActiveCfg = HCW_showcase_Debug|x64
		{AA3090DF-1484-473C-A87D-5E381BDCD05F}.HCW_showcase_Debug|x64.Build.0 = HCW_showcase_Debug|x64
		{AA3090DF-1484-473C-A87D-5E381BDCD05F}.HCW_showcase_Release|x64.ActiveCfg = HCW_showcase_Release|x64
		{AA3090DF-1484-473C-A87D-5E381BDCD05F}.HCW_showcase_Release|x64.Build.0 = HCW_showcase_Release|x64
		{AA3090DF-1484-473C-A87D-5E381BDCD05F}.HCW_display_access_text_Debug|x64.ActiveCfg = HCW_display_access_text_Debug|x64
		{AA3090DF-1484-473C-A87D-5E381BDCD05F}.HCW_display_access_text_Debug|x64.Build.0 = HCW_display_access_text_Debug|x64
		{AA3090DF-1484-473C-A87D-5E381BDCD05F}.HCW_display_access_text_Release|x64.ActiveCfg = HCW_display_access_text_Release|x64
		{AA3090DF-1484-473C-A87D-5E381BDCD05F}.HCW_display_access_text_Release|x64.Build.0 = HCW_display_access_text_Release|x64
		{AA3090DF-1484-473C-A87D-5E381BDCD05F}.HCW_display_animated_icon_Debug|x64.ActiveCfg = HCW_display_animated_icon_Debug|x64
		{AA3090DF-1484-473C-A87D-5E381BDCD05F}.HCW_display_animated_icon_Debug|x64.Build.0 = HCW_display_animated_icon_Debug|x64
		{AA3090DF-1484-473C-A87D-5E381BDCD05F}.HCW_display_animated_icon_Release|x64.ActiveCfg = HCW_display_animated_icon_Release|x64
		{AA3090DF-1484-473C-A87D-5E381BDCD05F}.HCW_display_animated_icon_Release|x64.Build.0 = HCW_display_animated_icon_Release|x64
		{AA3090DF-1484-473C-A87D-5E381BDCD05F}.HCW_display_arc_Debug|x64.ActiveCfg = HCW_display_arc_Debug|x64
		{AA3090DF-1484-473C-A87D-5E381BDCD05F}.HCW_display_arc_Debug|x64.Build.0 = HCW_display_arc_Debug|x64
		{AA3090DF-1484-473C-A87D-5E381BDCD05F}.HCW_display_arc_Release|x64.ActiveCfg = HCW_display_arc_Release|x64
		{AA3090DF-1484-473C-A87D-5E381BDCD05F}.HCW_display_arc_Release|x64.Build.0 = HCW_display_arc_Release|x64
		{AA3090DF-1484-473C-A87D-5E381BDCD05F}.HCW_display_badge_Debug|x64.ActiveCfg = HCW_display_badge_Debug|x64
		{AA3090DF-1484-473C-A87D-5E381BDCD05F}.HCW_display_badge_Debug|x64.Build.0 = HCW_display_badge_Debug|x64
		{AA3090DF-1484-473C-A87D-5E381BDCD05F}.HCW_display_badge_Release|x64.ActiveCfg = HCW_display_badge_Release|x64
		{AA3090DF-1484-473C-A87D-5E381BDCD05F}.HCW_display_badge_Release|x64.Build.0 = HCW_display_badge_Release|x64
		{AA3090DF-1484-473C-A87D-5E381BDCD05F}.HCW_display_badge_group_Debug|x64.ActiveCfg = HCW_display_badge_group_Debug|x64
		{AA3090DF-1484-473C-A87D-5E381BDCD05F}.HCW_display_badge_group_Debug|x64.Build.0 = HCW_display_badge_group_Debug|x64
		{AA3090DF-1484-473C-A87D-5E381BDCD05F}.HCW_display_badge_group_Release|x64.ActiveCfg = HCW_display_badge_group_Release|x64
		{AA3090DF-1484-473C-A87D-5E381BDCD05F}.HCW_display_badge_group_Release|x64.Build.0 = HCW_display_badge_group_Release|x64
		{AA3090DF-1484-473C-A87D-5E381BDCD05F}.HCW_display_bitmap_icon_Debug|x64.ActiveCfg = HCW_display_bitmap_icon_Debug|x64
		{AA3090DF-1484-473C-A87D-5E381BDCD05F}.HCW_display_bitmap_icon_Debug|x64.Build.0 = HCW_display_bitmap_icon_Debug|x64
		{AA3090DF-1484-473C-A87D-5E381BDCD05F}.HCW_display_bitmap_icon_Release|x64.ActiveCfg = HCW_display_bitmap_icon_Release|x64
		{AA3090DF-1484-473C-A87D-5E381BDCD05F}.HCW_display_bitmap_icon_Release|x64.Build.0 = HCW_display_bitmap_icon_Release|x64
		{AA3090DF-1484-473C-A87D-5E381BDCD05F}.HCW_display_card_panel_Debug|x64.ActiveCfg = HCW_display_card_panel_Debug|x64
		{AA3090DF-1484-473C-A87D-5E381BDCD05F}.HCW_display_card_panel_Debug|x64.Build.0 = HCW_display_card_panel_Debug|x64
		{AA3090DF-1484-473C-A87D-5E381BDCD05F}.HCW_display_card_panel_Release|x64.ActiveCfg = HCW_display_card_panel_Release|x64
		{AA3090DF-1484-473C-A87D-5E381BDCD05F}.HCW_display_card_panel_Release|x64.Build.0 = HCW_display_card_panel_Release|x64
		{AA3090DF-1484-473C-A87D-5E381BDCD05F}.HCW_display_counter_badge_Debug|x64.ActiveCfg = HCW_display_counter_badge_Debug|x64
		{AA3090DF-1484-473C-A87D-5E381BDCD05F}.HCW_display_counter_badge_Debug|x64.Build.0 = HCW_display_counter_badge_Debug|x64
		{AA3090DF-1484-473C-A87D-5E381BDCD05F}.HCW_display_counter_badge_Release|x64.ActiveCfg = HCW_display_counter_badge_Release|x64
		{AA3090DF-1484-473C-A87D-5E381BDCD05F}.HCW_display_counter_badge_Release|x64.Build.0 = HCW_display_counter_badge_Release|x64
		{AA3090DF-1484-473C-A87D-5E381BDCD05F}.HCW_display_divider_Debug|x64.ActiveCfg = HCW_display_divider_Debug|x64
		{AA3090DF-1484-473C-A87D-5E381BDCD05F}.HCW_display_divider_Debug|x64.Build.0 = HCW_display_divider_Debug|x64
		{AA3090DF-1484-473C-A87D-5E381BDCD05F}.HCW_display_divider_Release|x64.ActiveCfg = HCW_display_divider_Release|x64
		{AA3090DF-1484-473C-A87D-5E381BDCD05F}.HCW_display_divider_Release|x64.Build.0 = HCW_display_divider_Release|x64
		{AA3090DF-1484-473C-A87D-5E381BDCD05F}.HCW_display_ellipse_Debug|x64.ActiveCfg = HCW_display_ellipse_Debug|x64
		{AA3090DF-1484-473C-A87D-5E381BDCD05F}.HCW_display_ellipse_Debug|x64.Build.0 = HCW_display_ellipse_Debug|x64
		{AA3090DF-1484-473C-A87D-5E381BDCD05F}.HCW_display_ellipse_Release|x64.ActiveCfg = HCW_display_ellipse_Release|x64
		{AA3090DF-1484-473C-A87D-5E381BDCD05F}.HCW_display_ellipse_Release|x64.Build.0 = HCW_display_ellipse_Release|x64
		{AA3090DF-1484-473C-A87D-5E381BDCD05F}.HCW_display_font_icon_Debug|x64.ActiveCfg = HCW_display_font_icon_Debug|x64
		{AA3090DF-1484-473C-A87D-5E381BDCD05F}.HCW_display_font_icon_Debug|x64.Build.0 = HCW_display_font_icon_Debug|x64
		{AA3090DF-1484-473C-A87D-5E381BDCD05F}.HCW_display_font_icon_Release|x64.ActiveCfg = HCW_display_font_icon_Release|x64
		{AA3090DF-1484-473C-A87D-5E381BDCD05F}.HCW_display_font_icon_Release|x64.Build.0 = HCW_display_font_icon_Release|x64
		{AA3090DF-1484-473C-A87D-5E381BDCD05F}.HCW_display_glyphs_Debug|x64.ActiveCfg = HCW_display_glyphs_Debug|x64
		{AA3090DF-1484-473C-A87D-5E381BDCD05F}.HCW_display_glyphs_Debug|x64.Build.0 = HCW_display_glyphs_Debug|x64
		{AA3090DF-1484-473C-A87D-5E381BDCD05F}.HCW_display_glyphs_Release|x64.ActiveCfg = HCW_display_glyphs_Release|x64
		{AA3090DF-1484-473C-A87D-5E381BDCD05F}.HCW_display_glyphs_Release|x64.Build.0 = HCW_display_glyphs_Release|x64
		{AA3090DF-1484-473C-A87D-5E381BDCD05F}.HCW_display_image_control_Debug|x64.ActiveCfg = HCW_display_image_control_Debug|x64
		{AA3090DF-1484-473C-A87D-5E381BDCD05F}.HCW_display_image_control_Debug|x64.Build.0 = HCW_display_image_control_Debug|x64
		{AA3090DF-1484-473C-A87D-5E381BDCD05F}.HCW_display_image_control_Release|x64.ActiveCfg = HCW_display_image_control_Release|x64
		{AA3090DF-1484-473C-A87D-5E381BDCD05F}.HCW_display_image_control_Release|x64.Build.0 = HCW_display_image_control_Release|x64
		{AA3090DF-1484-473C-A87D-5E381BDCD05F}.HCW_display_image_icon_Debug|x64.ActiveCfg = HCW_display_image_icon_Debug|x64
		{AA3090DF-1484-473C-A87D-5E381BDCD05F}.HCW_display_image_icon_Debug|x64.Build.0 = HCW_display_image_icon_Debug|x64
		{AA3090DF-1484-473C-A87D-5E381BDCD05F}.HCW_display_image_icon_Release|x64.ActiveCfg = HCW_display_image_icon_Release|x64
		{AA3090DF-1484-473C-A87D-5E381BDCD05F}.HCW_display_image_icon_Release|x64.Build.0 = HCW_display_image_icon_Release|x64
		{AA3090DF-1484-473C-A87D-5E381BDCD05F}.HCW_display_info_badge_Debug|x64.ActiveCfg = HCW_display_info_badge_Debug|x64
		{AA3090DF-1484-473C-A87D-5E381BDCD05F}.HCW_display_info_badge_Debug|x64.Build.0 = HCW_display_info_badge_Debug|x64
		{AA3090DF-1484-473C-A87D-5E381BDCD05F}.HCW_display_info_badge_Release|x64.ActiveCfg = HCW_display_info_badge_Release|x64
		{AA3090DF-1484-473C-A87D-5E381BDCD05F}.HCW_display_info_badge_Release|x64.Build.0 = HCW_display_info_badge_Release|x64
		{AA3090DF-1484-473C-A87D-5E381BDCD05F}.HCW_display_info_label_Debug|x64.ActiveCfg = HCW_display_info_label_Debug|x64
		{AA3090DF-1484-473C-A87D-5E381BDCD05F}.HCW_display_info_label_Debug|x64.Build.0 = HCW_display_info_label_Debug|x64
		{AA3090DF-1484-473C-A87D-5E381BDCD05F}.HCW_display_info_label_Release|x64.ActiveCfg = HCW_display_info_label_Release|x64
		{AA3090DF-1484-473C-A87D-5E381BDCD05F}.HCW_display_info_label_Release|x64.Build.0 = HCW_display_info_label_Release|x64
		{AA3090DF-1484-473C-A87D-5E381BDCD05F}.HCW_display_label_control_Debug|x64.ActiveCfg = HCW_display_label_control_Debug|x64
		{AA3090DF-1484-473C-A87D-5E381BDCD05F}.HCW_display_label_control_Debug|x64.Build.0 = HCW_display_label_control_Debug|x64
		{AA3090DF-1484-473C-A87D-5E381BDCD05F}.HCW_display_label_control_Release|x64.ActiveCfg = HCW_display_label_control_Release|x64
		{AA3090DF-1484-473C-A87D-5E381BDCD05F}.HCW_display_label_control_Release|x64.Build.0 = HCW_display_label_control_Release|x64
		{AA3090DF-1484-473C-A87D-5E381BDCD05F}.HCW_display_line_Debug|x64.ActiveCfg = HCW_display_line_Debug|x64
		{AA3090DF-1484-473C-A87D-5E381BDCD05F}.HCW_display_line_Debug|x64.Build.0 = HCW_display_line_Debug|x64
		{AA3090DF-1484-473C-A87D-5E381BDCD05F}.HCW_display_line_Release|x64.ActiveCfg = HCW_display_line_Release|x64
		{AA3090DF-1484-473C-A87D-5E381BDCD05F}.HCW_display_line_Release|x64.Build.0 = HCW_display_line_Release|x64
		{AA3090DF-1484-473C-A87D-5E381BDCD05F}.HCW_display_path_Debug|x64.ActiveCfg = HCW_display_path_Debug|x64
		{AA3090DF-1484-473C-A87D-5E381BDCD05F}.HCW_display_path_Debug|x64.Build.0 = HCW_display_path_Debug|x64
		{AA3090DF-1484-473C-A87D-5E381BDCD05F}.HCW_display_path_Release|x64.ActiveCfg = HCW_display_path_Release|x64
		{AA3090DF-1484-473C-A87D-5E381BDCD05F}.HCW_display_path_Release|x64.Build.0 = HCW_display_path_Release|x64
		{AA3090DF-1484-473C-A87D-5E381BDCD05F}.HCW_display_path_icon_Debug|x64.ActiveCfg = HCW_display_path_icon_Debug|x64
		{AA3090DF-1484-473C-A87D-5E381BDCD05F}.HCW_display_path_icon_Debug|x64.Build.0 = HCW_display_path_icon_Debug|x64
		{AA3090DF-1484-473C-A87D-5E381BDCD05F}.HCW_display_path_icon_Release|x64.ActiveCfg = HCW_display_path_icon_Release|x64
		{AA3090DF-1484-473C-A87D-5E381BDCD05F}.HCW_display_path_icon_Release|x64.Build.0 = HCW_display_path_icon_Release|x64
		{AA3090DF-1484-473C-A87D-5E381BDCD05F}.HCW_display_person_picture_Debug|x64.ActiveCfg = HCW_display_person_picture_Debug|x64
		{AA3090DF-1484-473C-A87D-5E381BDCD05F}.HCW_display_person_picture_Debug|x64.Build.0 = HCW_display_person_picture_Debug|x64
		{AA3090DF-1484-473C-A87D-5E381BDCD05F}.HCW_display_person_picture_Release|x64.ActiveCfg = HCW_display_person_picture_Release|x64
		{AA3090DF-1484-473C-A87D-5E381BDCD05F}.HCW_display_person_picture_Release|x64.Build.0 = HCW_display_person_picture_Release|x64
		{AA3090DF-1484-473C-A87D-5E381BDCD05F}.HCW_display_persona_Debug|x64.ActiveCfg = HCW_display_persona_Debug|x64
		{AA3090DF-1484-473C-A87D-5E381BDCD05F}.HCW_display_persona_Debug|x64.Build.0 = HCW_display_persona_Debug|x64
		{AA3090DF-1484-473C-A87D-5E381BDCD05F}.HCW_display_persona_Release|x64.ActiveCfg = HCW_display_persona_Release|x64
		{AA3090DF-1484-473C-A87D-5E381BDCD05F}.HCW_display_persona_Release|x64.Build.0 = HCW_display_persona_Release|x64
		{AA3090DF-1484-473C-A87D-5E381BDCD05F}.HCW_display_persona_group_Debug|x64.ActiveCfg = HCW_display_persona_group_Debug|x64
		{AA3090DF-1484-473C-A87D-5E381BDCD05F}.HCW_display_persona_group_Debug|x64.Build.0 = HCW_display_persona_group_Debug|x64
		{AA3090DF-1484-473C-A87D-5E381BDCD05F}.HCW_display_persona_group_Release|x64.ActiveCfg = HCW_display_persona_group_Release|x64
		{AA3090DF-1484-473C-A87D-5E381BDCD05F}.HCW_display_persona_group_Release|x64.Build.0 = HCW_display_persona_group_Release|x64
		{AA3090DF-1484-473C-A87D-5E381BDCD05F}.HCW_display_polygon_Debug|x64.ActiveCfg = HCW_display_polygon_Debug|x64
		{AA3090DF-1484-473C-A87D-5E381BDCD05F}.HCW_display_polygon_Debug|x64.Build.0 = HCW_display_polygon_Debug|x64
		{AA3090DF-1484-473C-A87D-5E381BDCD05F}.HCW_display_polygon_Release|x64.ActiveCfg = HCW_display_polygon_Release|x64
		{AA3090DF-1484-473C-A87D-5E381BDCD05F}.HCW_display_polygon_Release|x64.Build.0 = HCW_display_polygon_Release|x64
		{AA3090DF-1484-473C-A87D-5E381BDCD05F}.HCW_display_polyline_Debug|x64.ActiveCfg = HCW_display_polyline_Debug|x64
		{AA3090DF-1484-473C-A87D-5E381BDCD05F}.HCW_display_polyline_Debug|x64.Build.0 = HCW_display_polyline_Debug|x64
		{AA3090DF-1484-473C-A87D-5E381BDCD05F}.HCW_display_polyline_Release|x64.ActiveCfg = HCW_display_polyline_Release|x64
		{AA3090DF-1484-473C-A87D-5E381BDCD05F}.HCW_display_polyline_Release|x64.Build.0 = HCW_display_polyline_Release|x64
		{AA3090DF-1484-473C-A87D-5E381BDCD05F}.HCW_display_presence_badge_Debug|x64.ActiveCfg = HCW_display_presence_badge_Debug|x64
		{AA3090DF-1484-473C-A87D-5E381BDCD05F}.HCW_display_presence_badge_Debug|x64.Build.0 = HCW_display_presence_badge_Debug|x64
		{AA3090DF-1484-473C-A87D-5E381BDCD05F}.HCW_display_presence_badge_Release|x64.ActiveCfg = HCW_display_presence_badge_Release|x64
		{AA3090DF-1484-473C-A87D-5E381BDCD05F}.HCW_display_presence_badge_Release|x64.Build.0 = HCW_display_presence_badge_Release|x64
		{AA3090DF-1484-473C-A87D-5E381BDCD05F}.HCW_display_rectangle_Debug|x64.ActiveCfg = HCW_display_rectangle_Debug|x64
		{AA3090DF-1484-473C-A87D-5E381BDCD05F}.HCW_display_rectangle_Debug|x64.Build.0 = HCW_display_rectangle_Debug|x64
		{AA3090DF-1484-473C-A87D-5E381BDCD05F}.HCW_display_rectangle_Release|x64.ActiveCfg = HCW_display_rectangle_Release|x64
		{AA3090DF-1484-473C-A87D-5E381BDCD05F}.HCW_display_rectangle_Release|x64.Build.0 = HCW_display_rectangle_Release|x64
		{AA3090DF-1484-473C-A87D-5E381BDCD05F}.HCW_display_rich_text_block_Debug|x64.ActiveCfg = HCW_display_rich_text_block_Debug|x64
		{AA3090DF-1484-473C-A87D-5E381BDCD05F}.HCW_display_rich_text_block_Debug|x64.Build.0 = HCW_display_rich_text_block_Debug|x64
		{AA3090DF-1484-473C-A87D-5E381BDCD05F}.HCW_display_rich_text_block_Release|x64.ActiveCfg = HCW_display_rich_text_block_Release|x64
		{AA3090DF-1484-473C-A87D-5E381BDCD05F}.HCW_display_rich_text_block_Release|x64.Build.0 = HCW_display_rich_text_block_Release|x64
		{AA3090DF-1484-473C-A87D-5E381BDCD05F}.HCW_display_status_bar_Debug|x64.ActiveCfg = HCW_display_status_bar_Debug|x64
		{AA3090DF-1484-473C-A87D-5E381BDCD05F}.HCW_display_status_bar_Debug|x64.Build.0 = HCW_display_status_bar_Debug|x64
		{AA3090DF-1484-473C-A87D-5E381BDCD05F}.HCW_display_status_bar_Release|x64.ActiveCfg = HCW_display_status_bar_Release|x64
		{AA3090DF-1484-473C-A87D-5E381BDCD05F}.HCW_display_status_bar_Release|x64.Build.0 = HCW_display_status_bar_Release|x64
		{AA3090DF-1484-473C-A87D-5E381BDCD05F}.HCW_display_symbol_icon_Debug|x64.ActiveCfg = HCW_display_symbol_icon_Debug|x64
		{AA3090DF-1484-473C-A87D-5E381BDCD05F}.HCW_display_symbol_icon_Debug|x64.Build.0 = HCW_display_symbol_icon_Debug|x64
		{AA3090DF-1484-473C-A87D-5E381BDCD05F}.HCW_display_symbol_icon_Release|x64.ActiveCfg = HCW_display_symbol_icon_Release|x64
		{AA3090DF-1484-473C-A87D-5E381BDCD05F}.HCW_display_symbol_icon_Release|x64.Build.0 = HCW_display_symbol_icon_Release|x64
		{AA3090DF-1484-473C-A87D-5E381BDCD05F}.HCW_display_tag_Debug|x64.ActiveCfg = HCW_display_tag_Debug|x64
		{AA3090DF-1484-473C-A87D-5E381BDCD05F}.HCW_display_tag_Debug|x64.Build.0 = HCW_display_tag_Debug|x64
		{AA3090DF-1484-473C-A87D-5E381BDCD05F}.HCW_display_tag_Release|x64.ActiveCfg = HCW_display_tag_Release|x64
		{AA3090DF-1484-473C-A87D-5E381BDCD05F}.HCW_display_tag_Release|x64.Build.0 = HCW_display_tag_Release|x64
		{AA3090DF-1484-473C-A87D-5E381BDCD05F}.HCW_display_text_block_Debug|x64.ActiveCfg = HCW_display_text_block_Debug|x64
		{AA3090DF-1484-473C-A87D-5E381BDCD05F}.HCW_display_text_block_Debug|x64.Build.0 = HCW_display_text_block_Debug|x64
		{AA3090DF-1484-473C-A87D-5E381BDCD05F}.HCW_display_text_block_Release|x64.ActiveCfg = HCW_display_text_block_Release|x64
		{AA3090DF-1484-473C-A87D-5E381BDCD05F}.HCW_display_text_block_Release|x64.Build.0 = HCW_display_text_block_Release|x64
		{AA3090DF-1484-473C-A87D-5E381BDCD05F}.HCW_feedback_activity_ring_Debug|x64.ActiveCfg = HCW_feedback_activity_ring_Debug|x64
		{AA3090DF-1484-473C-A87D-5E381BDCD05F}.HCW_feedback_activity_ring_Debug|x64.Build.0 = HCW_feedback_activity_ring_Debug|x64
		{AA3090DF-1484-473C-A87D-5E381BDCD05F}.HCW_feedback_activity_ring_Release|x64.ActiveCfg = HCW_feedback_activity_ring_Release|x64
		{AA3090DF-1484-473C-A87D-5E381BDCD05F}.HCW_feedback_activity_ring_Release|x64.Build.0 = HCW_feedback_activity_ring_Release|x64
		{AA3090DF-1484-473C-A87D-5E381BDCD05F}.HCW_feedback_dialog_sheet_Debug|x64.ActiveCfg = HCW_feedback_dialog_sheet_Debug|x64
		{AA3090DF-1484-473C-A87D-5E381BDCD05F}.HCW_feedback_dialog_sheet_Debug|x64.Build.0 = HCW_feedback_dialog_sheet_Debug|x64
		{AA3090DF-1484-473C-A87D-5E381BDCD05F}.HCW_feedback_dialog_sheet_Release|x64.ActiveCfg = HCW_feedback_dialog_sheet_Release|x64
		{AA3090DF-1484-473C-A87D-5E381BDCD05F}.HCW_feedback_dialog_sheet_Release|x64.Build.0 = HCW_feedback_dialog_sheet_Release|x64
		{AA3090DF-1484-473C-A87D-5E381BDCD05F}.HCW_feedback_flyout_Debug|x64.ActiveCfg = HCW_feedback_flyout_Debug|x64
		{AA3090DF-1484-473C-A87D-5E381BDCD05F}.HCW_feedback_flyout_Debug|x64.Build.0 = HCW_feedback_flyout_Debug|x64
		{AA3090DF-1484-473C-A87D-5E381BDCD05F}.HCW_feedback_flyout_Release|x64.ActiveCfg = HCW_feedback_flyout_Release|x64
		{AA3090DF-1484-473C-A87D-5E381BDCD05F}.HCW_feedback_flyout_Release|x64.Build.0 = HCW_feedback_flyout_Release|x64
		{AA3090DF-1484-473C-A87D-5E381BDCD05F}.HCW_feedback_info_bar_Debug|x64.ActiveCfg = HCW_feedback_info_bar_Debug|x64
		{AA3090DF-1484-473C-A87D-5E381BDCD05F}.HCW_feedback_info_bar_Debug|x64.Build.0 = HCW_feedback_info_bar_Debug|x64
		{AA3090DF-1484-473C-A87D-5E381BDCD05F}.HCW_feedback_info_bar_Release|x64.ActiveCfg = HCW_feedback_info_bar_Release|x64
		{AA3090DF-1484-473C-A87D-5E381BDCD05F}.HCW_feedback_info_bar_Release|x64.Build.0 = HCW_feedback_info_bar_Release|x64
		{AA3090DF-1484-473C-A87D-5E381BDCD05F}.HCW_feedback_message_bar_Debug|x64.ActiveCfg = HCW_feedback_message_bar_Debug|x64
		{AA3090DF-1484-473C-A87D-5E381BDCD05F}.HCW_feedback_message_bar_Debug|x64.Build.0 = HCW_feedback_message_bar_Debug|x64
		{AA3090DF-1484-473C-A87D-5E381BDCD05F}.HCW_feedback_message_bar_Release|x64.ActiveCfg = HCW_feedback_message_bar_Release|x64
		{AA3090DF-1484-473C-A87D-5E381BDCD05F}.HCW_feedback_message_bar_Release|x64.Build.0 = HCW_feedback_message_bar_Release|x64
		{AA3090DF-1484-473C-A87D-5E381BDCD05F}.HCW_feedback_progress_bar_Debug|x64.ActiveCfg = HCW_feedback_progress_bar_Debug|x64
		{AA3090DF-1484-473C-A87D-5E381BDCD05F}.HCW_feedback_progress_bar_Debug|x64.Build.0 = HCW_feedback_progress_bar_Debug|x64
		{AA3090DF-1484-473C-A87D-5E381BDCD05F}.HCW_feedback_progress_bar_Release|x64.ActiveCfg = HCW_feedback_progress_bar_Release|x64
		{AA3090DF-1484-473C-A87D-5E381BDCD05F}.HCW_feedback_progress_bar_Release|x64.Build.0 = HCW_feedback_progress_bar_Release|x64
		{AA3090DF-1484-473C-A87D-5E381BDCD05F}.HCW_feedback_skeleton_Debug|x64.ActiveCfg = HCW_feedback_skeleton_Debug|x64
		{AA3090DF-1484-473C-A87D-5E381BDCD05F}.HCW_feedback_skeleton_Debug|x64.Build.0 = HCW_feedback_skeleton_Debug|x64
		{AA3090DF-1484-473C-A87D-5E381BDCD05F}.HCW_feedback_skeleton_Release|x64.ActiveCfg = HCW_feedback_skeleton_Release|x64
		{AA3090DF-1484-473C-A87D-5E381BDCD05F}.HCW_feedback_skeleton_Release|x64.Build.0 = HCW_feedback_skeleton_Release|x64
		{AA3090DF-1484-473C-A87D-5E381BDCD05F}.HCW_feedback_snackbar_Debug|x64.ActiveCfg = HCW_feedback_snackbar_Debug|x64
		{AA3090DF-1484-473C-A87D-5E381BDCD05F}.HCW_feedback_snackbar_Debug|x64.Build.0 = HCW_feedback_snackbar_Debug|x64
		{AA3090DF-1484-473C-A87D-5E381BDCD05F}.HCW_feedback_snackbar_Release|x64.ActiveCfg = HCW_feedback_snackbar_Release|x64
		{AA3090DF-1484-473C-A87D-5E381BDCD05F}.HCW_feedback_snackbar_Release|x64.Build.0 = HCW_feedback_snackbar_Release|x64
		{AA3090DF-1484-473C-A87D-5E381BDCD05F}.HCW_feedback_spinner_Debug|x64.ActiveCfg = HCW_feedback_spinner_Debug|x64
		{AA3090DF-1484-473C-A87D-5E381BDCD05F}.HCW_feedback_spinner_Debug|x64.Build.0 = HCW_feedback_spinner_Debug|x64
		{AA3090DF-1484-473C-A87D-5E381BDCD05F}.HCW_feedback_spinner_Release|x64.ActiveCfg = HCW_feedback_spinner_Release|x64
		{AA3090DF-1484-473C-A87D-5E381BDCD05F}.HCW_feedback_spinner_Release|x64.Build.0 = HCW_feedback_spinner_Release|x64
		{AA3090DF-1484-473C-A87D-5E381BDCD05F}.HCW_feedback_teaching_tip_Debug|x64.ActiveCfg = HCW_feedback_teaching_tip_Debug|x64
		{AA3090DF-1484-473C-A87D-5E381BDCD05F}.HCW_feedback_teaching_tip_Debug|x64.Build.0 = HCW_feedback_teaching_tip_Debug|x64
		{AA3090DF-1484-473C-A87D-5E381BDCD05F}.HCW_feedback_teaching_tip_Release|x64.ActiveCfg = HCW_feedback_teaching_tip_Release|x64
		{AA3090DF-1484-473C-A87D-5E381BDCD05F}.HCW_feedback_teaching_tip_Release|x64.Build.0 = HCW_feedback_teaching_tip_Release|x64
		{AA3090DF-1484-473C-A87D-5E381BDCD05F}.HCW_feedback_toast_stack_Debug|x64.ActiveCfg = HCW_feedback_toast_stack_Debug|x64
		{AA3090DF-1484-473C-A87D-5E381BDCD05F}.HCW_feedback_toast_stack_Debug|x64.Build.0 = HCW_feedback_toast_stack_Debug|x64
		{AA3090DF-1484-473C-A87D-5E381BDCD05F}.HCW_feedback_toast_stack_Release|x64.ActiveCfg = HCW_feedback_toast_stack_Release|x64
		{AA3090DF-1484-473C-A87D-5E381BDCD05F}.HCW_feedback_toast_stack_Release|x64.Build.0 = HCW_feedback_toast_stack_Release|x64
		{AA3090DF-1484-473C-A87D-5E381BDCD05F}.HCW_feedback_tool_tip_Debug|x64.ActiveCfg = HCW_feedback_tool_tip_Debug|x64
		{AA3090DF-1484-473C-A87D-5E381BDCD05F}.HCW_feedback_tool_tip_Debug|x64.Build.0 = HCW_feedback_tool_tip_Debug|x64
		{AA3090DF-1484-473C-A87D-5E381BDCD05F}.HCW_feedback_tool_tip_Release|x64.ActiveCfg = HCW_feedback_tool_tip_Release|x64
		{AA3090DF-1484-473C-A87D-5E381BDCD05F}.HCW_feedback_tool_tip_Release|x64.Build.0 = HCW_feedback_tool_tip_Release|x64
		{AA3090DF-1484-473C-A87D-5E381BDCD05F}.HCW_input_auto_suggest_box_Debug|x64.ActiveCfg = HCW_input_auto_suggest_box_Debug|x64
		{AA3090DF-1484-473C-A87D-5E381BDCD05F}.HCW_input_auto_suggest_box_Debug|x64.Build.0 = HCW_input_auto_suggest_box_Debug|x64
		{AA3090DF-1484-473C-A87D-5E381BDCD05F}.HCW_input_auto_suggest_box_Release|x64.ActiveCfg = HCW_input_auto_suggest_box_Release|x64
		{AA3090DF-1484-473C-A87D-5E381BDCD05F}.HCW_input_auto_suggest_box_Release|x64.Build.0 = HCW_input_auto_suggest_box_Release|x64
		{AA3090DF-1484-473C-A87D-5E381BDCD05F}.HCW_input_button_Debug|x64.ActiveCfg = HCW_input_button_Debug|x64
		{AA3090DF-1484-473C-A87D-5E381BDCD05F}.HCW_input_button_Debug|x64.Build.0 = HCW_input_button_Debug|x64
		{AA3090DF-1484-473C-A87D-5E381BDCD05F}.HCW_input_button_Release|x64.ActiveCfg = HCW_input_button_Release|x64
		{AA3090DF-1484-473C-A87D-5E381BDCD05F}.HCW_input_button_Release|x64.Build.0 = HCW_input_button_Release|x64
		{AA3090DF-1484-473C-A87D-5E381BDCD05F}.HCW_input_calendar_date_picker_Debug|x64.ActiveCfg = HCW_input_calendar_date_picker_Debug|x64
		{AA3090DF-1484-473C-A87D-5E381BDCD05F}.HCW_input_calendar_date_picker_Debug|x64.Build.0 = HCW_input_calendar_date_picker_Debug|x64
		{AA3090DF-1484-473C-A87D-5E381BDCD05F}.HCW_input_calendar_date_picker_Release|x64.ActiveCfg = HCW_input_calendar_date_picker_Release|x64
		{AA3090DF-1484-473C-A87D-5E381BDCD05F}.HCW_input_calendar_date_picker_Release|x64.Build.0 = HCW_input_calendar_date_picker_Release|x64
		{AA3090DF-1484-473C-A87D-5E381BDCD05F}.HCW_input_calendar_view_Debug|x64.ActiveCfg = HCW_input_calendar_view_Debug|x64
		{AA3090DF-1484-473C-A87D-5E381BDCD05F}.HCW_input_calendar_view_Debug|x64.Build.0 = HCW_input_calendar_view_Debug|x64
		{AA3090DF-1484-473C-A87D-5E381BDCD05F}.HCW_input_calendar_view_Release|x64.ActiveCfg = HCW_input_calendar_view_Release|x64
		{AA3090DF-1484-473C-A87D-5E381BDCD05F}.HCW_input_calendar_view_Release|x64.Build.0 = HCW_input_calendar_view_Release|x64
		{AA3090DF-1484-473C-A87D-5E381BDCD05F}.HCW_input_check_box_Debug|x64.ActiveCfg = HCW_input_check_box_Debug|x64
		{AA3090DF-1484-473C-A87D-5E381BDCD05F}.HCW_input_check_box_Debug|x64.Build.0 = HCW_input_check_box_Debug|x64
		{AA3090DF-1484-473C-A87D-5E381BDCD05F}.HCW_input_check_box_Release|x64.ActiveCfg = HCW_input_check_box_Release|x64
		{AA3090DF-1484-473C-A87D-5E381BDCD05F}.HCW_input_check_box_Release|x64.Build.0 = HCW_input_check_box_Release|x64
		{AA3090DF-1484-473C-A87D-5E381BDCD05F}.HCW_input_color_picker_Debug|x64.ActiveCfg = HCW_input_color_picker_Debug|x64
		{AA3090DF-1484-473C-A87D-5E381BDCD05F}.HCW_input_color_picker_Debug|x64.Build.0 = HCW_input_color_picker_Debug|x64
		{AA3090DF-1484-473C-A87D-5E381BDCD05F}.HCW_input_color_picker_Release|x64.ActiveCfg = HCW_input_color_picker_Release|x64
		{AA3090DF-1484-473C-A87D-5E381BDCD05F}.HCW_input_color_picker_Release|x64.Build.0 = HCW_input_color_picker_Release|x64
		{AA3090DF-1484-473C-A87D-5E381BDCD05F}.HCW_input_combo_box_Debug|x64.ActiveCfg = HCW_input_combo_box_Debug|x64
		{AA3090DF-1484-473C-A87D-5E381BDCD05F}.HCW_input_combo_box_Debug|x64.Build.0 = HCW_input_combo_box_Debug|x64
		{AA3090DF-1484-473C-A87D-5E381BDCD05F}.HCW_input_combo_box_Release|x64.ActiveCfg = HCW_input_combo_box_Release|x64
		{AA3090DF-1484-473C-A87D-5E381BDCD05F}.HCW_input_combo_box_Release|x64.Build.0 = HCW_input_combo_box_Release|x64
		{AA3090DF-1484-473C-A87D-5E381BDCD05F}.HCW_input_command_bar_Debug|x64.ActiveCfg = HCW_input_command_bar_Debug|x64
		{AA3090DF-1484-473C-A87D-5E381BDCD05F}.HCW_input_command_bar_Debug|x64.Build.0 = HCW_input_command_bar_Debug|x64
		{AA3090DF-1484-473C-A87D-5E381BDCD05F}.HCW_input_command_bar_Release|x64.ActiveCfg = HCW_input_command_bar_Release|x64
		{AA3090DF-1484-473C-A87D-5E381BDCD05F}.HCW_input_command_bar_Release|x64.Build.0 = HCW_input_command_bar_Release|x64
		{AA3090DF-1484-473C-A87D-5E381BDCD05F}.HCW_input_command_bar_flyout_Debug|x64.ActiveCfg = HCW_input_command_bar_flyout_Debug|x64
		{AA3090DF-1484-473C-A87D-5E381BDCD05F}.HCW_input_command_bar_flyout_Debug|x64.Build.0 = HCW_input_command_bar_flyout_Debug|x64
		{AA3090DF-1484-473C-A87D-5E381BDCD05F}.HCW_input_command_bar_flyout_Release|x64.ActiveCfg = HCW_input_command_bar_flyout_Release|x64
		{AA3090DF-1484-473C-A87D-5E381BDCD05F}.HCW_input_command_bar_flyout_Release|x64.Build.0 = HCW_input_command_bar_flyout_Release|x64
		{AA3090DF-1484-473C-A87D-5E381BDCD05F}.HCW_input_compound_button_Debug|x64.ActiveCfg = HCW_input_compound_button_Debug|x64
		{AA3090DF-1484-473C-A87D-5E381BDCD05F}.HCW_input_compound_button_Debug|x64.Build.0 = HCW_input_compound_button_Debug|x64
		{AA3090DF-1484-473C-A87D-5E381BDCD05F}.HCW_input_compound_button_Release|x64.ActiveCfg = HCW_input_compound_button_Release|x64
		{AA3090DF-1484-473C-A87D-5E381BDCD05F}.HCW_input_compound_button_Release|x64.Build.0 = HCW_input_compound_button_Release|x64
		{AA3090DF-1484-473C-A87D-5E381BDCD05F}.HCW_input_date_picker_Debug|x64.ActiveCfg = HCW_input_date_picker_Debug|x64
		{AA3090DF-1484-473C-A87D-5E381BDCD05F}.HCW_input_date_picker_Debug|x64.Build.0 = HCW_input_date_picker_Debug|x64
		{AA3090DF-1484-473C-A87D-5E381BDCD05F}.HCW_input_date_picker_Release|x64.ActiveCfg = HCW_input_date_picker_Release|x64
		{AA3090DF-1484-473C-A87D-5E381BDCD05F}.HCW_input_date_picker_Release|x64.Build.0 = HCW_input_date_picker_Release|x64
		{AA3090DF-1484-473C-A87D-5E381BDCD05F}.HCW_input_drop_down_button_Debug|x64.ActiveCfg = HCW_input_drop_down_button_Debug|x64
		{AA3090DF-1484-473C-A87D-5E381BDCD05F}.HCW_input_drop_down_button_Debug|x64.Build.0 = HCW_input_drop_down_button_Debug|x64
		{AA3090DF-1484-473C-A87D-5E381BDCD05F}.HCW_input_drop_down_button_Release|x64.ActiveCfg = HCW_input_drop_down_button_Release|x64
		{AA3090DF-1484-473C-A87D-5E381BDCD05F}.HCW_input_drop_down_button_Release|x64.Build.0 = HCW_input_drop_down_button_Release|x64
		{AA3090DF-1484-473C-A87D-5E381BDCD05F}.HCW_input_field_Debug|x64.ActiveCfg = HCW_input_field_Debug|x64
		{AA3090DF-1484-473C-A87D-5E381BDCD05F}.HCW_input_field_Debug|x64.Build.0 = HCW_input_field_Debug|x64
		{AA3090DF-1484-473C-A87D-5E381BDCD05F}.HCW_input_field_Release|x64.ActiveCfg = HCW_input_field_Release|x64
		{AA3090DF-1484-473C-A87D-5E381BDCD05F}.HCW_input_field_Release|x64.Build.0 = HCW_input_field_Release|x64
		{AA3090DF-1484-473C-A87D-5E381BDCD05F}.HCW_input_hyperlink_button_Debug|x64.ActiveCfg = HCW_input_hyperlink_button_Debug|x64
		{AA3090DF-1484-473C-A87D-5E381BDCD05F}.HCW_input_hyperlink_button_Debug|x64.Build.0 = HCW_input_hyperlink_button_Debug|x64
		{AA3090DF-1484-473C-A87D-5E381BDCD05F}.HCW_input_hyperlink_button_Release|x64.ActiveCfg = HCW_input_hyperlink_button_Release|x64
		{AA3090DF-1484-473C-A87D-5E381BDCD05F}.HCW_input_hyperlink_button_Release|x64.Build.0 = HCW_input_hyperlink_button_Release|x64
		{AA3090DF-1484-473C-A87D-5E381BDCD05F}.HCW_input_menu_button_Debug|x64.ActiveCfg = HCW_input_menu_button_Debug|x64
		{AA3090DF-1484-473C-A87D-5E381BDCD05F}.HCW_input_menu_button_Debug|x64.Build.0 = HCW_input_menu_button_Debug|x64
		{AA3090DF-1484-473C-A87D-5E381BDCD05F}.HCW_input_menu_button_Release|x64.ActiveCfg = HCW_input_menu_button_Release|x64
		{AA3090DF-1484-473C-A87D-5E381BDCD05F}.HCW_input_menu_button_Release|x64.Build.0 = HCW_input_menu_button_Release|x64
		{AA3090DF-1484-473C-A87D-5E381BDCD05F}.HCW_input_number_box_Debug|x64.ActiveCfg = HCW_input_number_box_Debug|x64
		{AA3090DF-1484-473C-A87D-5E381BDCD05F}.HCW_input_number_box_Debug|x64.Build.0 = HCW_input_number_box_Debug|x64
		{AA3090DF-1484-473C-A87D-5E381BDCD05F}.HCW_input_number_box_Release|x64.ActiveCfg = HCW_input_number_box_Release|x64
		{AA3090DF-1484-473C-A87D-5E381BDCD05F}.HCW_input_number_box_Release|x64.Build.0 = HCW_input_number_box_Release|x64
		{AA3090DF-1484-473C-A87D-5E381BDCD05F}.HCW_input_password_box_Debug|x64.ActiveCfg = HCW_input_password_box_Debug|x64
		{AA3090DF-1484-473C-A87D-5E381BDCD05F}.HCW_input_password_box_Debug|x64.Build.0 = HCW_input_password_box_Debug|x64
		{AA3090DF-1484-473C-A87D-5E381BDCD05F}.HCW_input_password_box_Release|x64.ActiveCfg = HCW_input_password_box_Release|x64
		{AA3090DF-1484-473C-A87D-5E381BDCD05F}.HCW_input_password_box_Release|x64.Build.0 = HCW_input_password_box_Release|x64
		{AA3090DF-1484-473C-A87D-5E381BDCD05F}.HCW_input_radio_button_Debug|x64.ActiveCfg = HCW_input_radio_button_Debug|x64
		{AA3090DF-1484-473C-A87D-5E381BDCD05F}.HCW_input_radio_button_Debug|x64.Build.0 = HCW_input_radio_button_Debug|x64
		{AA3090DF-1484-473C-A87D-5E381BDCD05F}.HCW_input_radio_button_Release|x64.ActiveCfg = HCW_input_radio_button_Release|x64
		{AA3090DF-1484-473C-A87D-5E381BDCD05F}.HCW_input_radio_button_Release|x64.Build.0 = HCW_input_radio_button_Release|x64
		{AA3090DF-1484-473C-A87D-5E381BDCD05F}.HCW_input_radio_buttons_Debug|x64.ActiveCfg = HCW_input_radio_buttons_Debug|x64
		{AA3090DF-1484-473C-A87D-5E381BDCD05F}.HCW_input_radio_buttons_Debug|x64.Build.0 = HCW_input_radio_buttons_Debug|x64
		{AA3090DF-1484-473C-A87D-5E381BDCD05F}.HCW_input_radio_buttons_Release|x64.ActiveCfg = HCW_input_radio_buttons_Release|x64
		{AA3090DF-1484-473C-A87D-5E381BDCD05F}.HCW_input_radio_buttons_Release|x64.Build.0 = HCW_input_radio_buttons_Release|x64
		{AA3090DF-1484-473C-A87D-5E381BDCD05F}.HCW_input_rating_control_Debug|x64.ActiveCfg = HCW_input_rating_control_Debug|x64
		{AA3090DF-1484-473C-A87D-5E381BDCD05F}.HCW_input_rating_control_Debug|x64.Build.0 = HCW_input_rating_control_Debug|x64
		{AA3090DF-1484-473C-A87D-5E381BDCD05F}.HCW_input_rating_control_Release|x64.ActiveCfg = HCW_input_rating_control_Release|x64
		{AA3090DF-1484-473C-A87D-5E381BDCD05F}.HCW_input_rating_control_Release|x64.Build.0 = HCW_input_rating_control_Release|x64
		{AA3090DF-1484-473C-A87D-5E381BDCD05F}.HCW_input_repeat_button_Debug|x64.ActiveCfg = HCW_input_repeat_button_Debug|x64
		{AA3090DF-1484-473C-A87D-5E381BDCD05F}.HCW_input_repeat_button_Debug|x64.Build.0 = HCW_input_repeat_button_Debug|x64
		{AA3090DF-1484-473C-A87D-5E381BDCD05F}.HCW_input_repeat_button_Release|x64.ActiveCfg = HCW_input_repeat_button_Release|x64
		{AA3090DF-1484-473C-A87D-5E381BDCD05F}.HCW_input_repeat_button_Release|x64.Build.0 = HCW_input_repeat_button_Release|x64
		{AA3090DF-1484-473C-A87D-5E381BDCD05F}.HCW_input_rich_edit_box_Debug|x64.ActiveCfg = HCW_input_rich_edit_box_Debug|x64
		{AA3090DF-1484-473C-A87D-5E381BDCD05F}.HCW_input_rich_edit_box_Debug|x64.Build.0 = HCW_input_rich_edit_box_Debug|x64
		{AA3090DF-1484-473C-A87D-5E381BDCD05F}.HCW_input_rich_edit_box_Release|x64.ActiveCfg = HCW_input_rich_edit_box_Release|x64
		{AA3090DF-1484-473C-A87D-5E381BDCD05F}.HCW_input_rich_edit_box_Release|x64.Build.0 = HCW_input_rich_edit_box_Release|x64
		{AA3090DF-1484-473C-A87D-5E381BDCD05F}.HCW_input_scroll_bar_Debug|x64.ActiveCfg = HCW_input_scroll_bar_Debug|x64
		{AA3090DF-1484-473C-A87D-5E381BDCD05F}.HCW_input_scroll_bar_Debug|x64.Build.0 = HCW_input_scroll_bar_Debug|x64
		{AA3090DF-1484-473C-A87D-5E381BDCD05F}.HCW_input_scroll_bar_Release|x64.ActiveCfg = HCW_input_scroll_bar_Release|x64
		{AA3090DF-1484-473C-A87D-5E381BDCD05F}.HCW_input_scroll_bar_Release|x64.Build.0 = HCW_input_scroll_bar_Release|x64
		{AA3090DF-1484-473C-A87D-5E381BDCD05F}.HCW_input_search_box_Debug|x64.ActiveCfg = HCW_input_search_box_Debug|x64
		{AA3090DF-1484-473C-A87D-5E381BDCD05F}.HCW_input_search_box_Debug|x64.Build.0 = HCW_input_search_box_Debug|x64
		{AA3090DF-1484-473C-A87D-5E381BDCD05F}.HCW_input_search_box_Release|x64.ActiveCfg = HCW_input_search_box_Release|x64
		{AA3090DF-1484-473C-A87D-5E381BDCD05F}.HCW_input_search_box_Release|x64.Build.0 = HCW_input_search_box_Release|x64
		{AA3090DF-1484-473C-A87D-5E381BDCD05F}.HCW_input_segmented_control_Debug|x64.ActiveCfg = HCW_input_segmented_control_Debug|x64
		{AA3090DF-1484-473C-A87D-5E381BDCD05F}.HCW_input_segmented_control_Debug|x64.Build.0 = HCW_input_segmented_control_Debug|x64
		{AA3090DF-1484-473C-A87D-5E381BDCD05F}.HCW_input_segmented_control_Release|x64.ActiveCfg = HCW_input_segmented_control_Release|x64
		{AA3090DF-1484-473C-A87D-5E381BDCD05F}.HCW_input_segmented_control_Release|x64.Build.0 = HCW_input_segmented_control_Release|x64
		{AA3090DF-1484-473C-A87D-5E381BDCD05F}.HCW_input_shortcut_recorder_Debug|x64.ActiveCfg = HCW_input_shortcut_recorder_Debug|x64
		{AA3090DF-1484-473C-A87D-5E381BDCD05F}.HCW_input_shortcut_recorder_Debug|x64.Build.0 = HCW_input_shortcut_recorder_Debug|x64
		{AA3090DF-1484-473C-A87D-5E381BDCD05F}.HCW_input_shortcut_recorder_Release|x64.ActiveCfg = HCW_input_shortcut_recorder_Release|x64
		{AA3090DF-1484-473C-A87D-5E381BDCD05F}.HCW_input_shortcut_recorder_Release|x64.Build.0 = HCW_input_shortcut_recorder_Release|x64
		{AA3090DF-1484-473C-A87D-5E381BDCD05F}.HCW_input_slider_Debug|x64.ActiveCfg = HCW_input_slider_Debug|x64
		{AA3090DF-1484-473C-A87D-5E381BDCD05F}.HCW_input_slider_Debug|x64.Build.0 = HCW_input_slider_Debug|x64
		{AA3090DF-1484-473C-A87D-5E381BDCD05F}.HCW_input_slider_Release|x64.ActiveCfg = HCW_input_slider_Release|x64
		{AA3090DF-1484-473C-A87D-5E381BDCD05F}.HCW_input_slider_Release|x64.Build.0 = HCW_input_slider_Release|x64
		{AA3090DF-1484-473C-A87D-5E381BDCD05F}.HCW_input_spin_button_Debug|x64.ActiveCfg = HCW_input_spin_button_Debug|x64
		{AA3090DF-1484-473C-A87D-5E381BDCD05F}.HCW_input_spin_button_Debug|x64.Build.0 = HCW_input_spin_button_Debug|x64
		{AA3090DF-1484-473C-A87D-5E381BDCD05F}.HCW_input_spin_button_Release|x64.ActiveCfg = HCW_input_spin_button_Release|x64
		{AA3090DF-1484-473C-A87D-5E381BDCD05F}.HCW_input_spin_button_Release|x64.Build.0 = HCW_input_spin_button_Release|x64
		{AA3090DF-1484-473C-A87D-5E381BDCD05F}.HCW_input_split_button_Debug|x64.ActiveCfg = HCW_input_split_button_Debug|x64
		{AA3090DF-1484-473C-A87D-5E381BDCD05F}.HCW_input_split_button_Debug|x64.Build.0 = HCW_input_split_button_Debug|x64
		{AA3090DF-1484-473C-A87D-5E381BDCD05F}.HCW_input_split_button_Release|x64.ActiveCfg = HCW_input_split_button_Release|x64
		{AA3090DF-1484-473C-A87D-5E381BDCD05F}.HCW_input_split_button_Release|x64.Build.0 = HCW_input_split_button_Release|x64
		{AA3090DF-1484-473C-A87D-5E381BDCD05F}.HCW_input_swipe_control_Debug|x64.ActiveCfg = HCW_input_swipe_control_Debug|x64
		{AA3090DF-1484-473C-A87D-5E381BDCD05F}.HCW_input_swipe_control_Debug|x64.Build.0 = HCW_input_swipe_control_Debug|x64
		{AA3090DF-1484-473C-A87D-5E381BDCD05F}.HCW_input_swipe_control_Release|x64.ActiveCfg = HCW_input_swipe_control_Release|x64
		{AA3090DF-1484-473C-A87D-5E381BDCD05F}.HCW_input_swipe_control_Release|x64.Build.0 = HCW_input_swipe_control_Release|x64
		{AA3090DF-1484-473C-A87D-5E381BDCD05F}.HCW_input_switch_Debug|x64.ActiveCfg = HCW_input_switch_Debug|x64
		{AA3090DF-1484-473C-A87D-5E381BDCD05F}.HCW_input_switch_Debug|x64.Build.0 = HCW_input_switch_Debug|x64
		{AA3090DF-1484-473C-A87D-5E381BDCD05F}.HCW_input_switch_Release|x64.ActiveCfg = HCW_input_switch_Release|x64
		{AA3090DF-1484-473C-A87D-5E381BDCD05F}.HCW_input_switch_Release|x64.Build.0 = HCW_input_switch_Release|x64
		{AA3090DF-1484-473C-A87D-5E381BDCD05F}.HCW_input_text_box_Debug|x64.ActiveCfg = HCW_input_text_box_Debug|x64
		{AA3090DF-1484-473C-A87D-5E381BDCD05F}.HCW_input_text_box_Debug|x64.Build.0 = HCW_input_text_box_Debug|x64
		{AA3090DF-1484-473C-A87D-5E381BDCD05F}.HCW_input_text_box_Release|x64.ActiveCfg = HCW_input_text_box_Release|x64
		{AA3090DF-1484-473C-A87D-5E381BDCD05F}.HCW_input_text_box_Release|x64.Build.0 = HCW_input_text_box_Release|x64
		{AA3090DF-1484-473C-A87D-5E381BDCD05F}.HCW_input_thumb_rate_Debug|x64.ActiveCfg = HCW_input_thumb_rate_Debug|x64
		{AA3090DF-1484-473C-A87D-5E381BDCD05F}.HCW_input_thumb_rate_Debug|x64.Build.0 = HCW_input_thumb_rate_Debug|x64
		{AA3090DF-1484-473C-A87D-5E381BDCD05F}.HCW_input_thumb_rate_Release|x64.ActiveCfg = HCW_input_thumb_rate_Release|x64
		{AA3090DF-1484-473C-A87D-5E381BDCD05F}.HCW_input_thumb_rate_Release|x64.Build.0 = HCW_input_thumb_rate_Release|x64
		{AA3090DF-1484-473C-A87D-5E381BDCD05F}.HCW_input_tick_bar_Debug|x64.ActiveCfg = HCW_input_tick_bar_Debug|x64
		{AA3090DF-1484-473C-A87D-5E381BDCD05F}.HCW_input_tick_bar_Debug|x64.Build.0 = HCW_input_tick_bar_Debug|x64
		{AA3090DF-1484-473C-A87D-5E381BDCD05F}.HCW_input_tick_bar_Release|x64.ActiveCfg = HCW_input_tick_bar_Release|x64
		{AA3090DF-1484-473C-A87D-5E381BDCD05F}.HCW_input_tick_bar_Release|x64.Build.0 = HCW_input_tick_bar_Release|x64
		{AA3090DF-1484-473C-A87D-5E381BDCD05F}.HCW_input_time_picker_Debug|x64.ActiveCfg = HCW_input_time_picker_Debug|x64
		{AA3090DF-1484-473C-A87D-5E381BDCD05F}.HCW_input_time_picker_Debug|x64.Build.0 = HCW_input_time_picker_Debug|x64
		{AA3090DF-1484-473C-A87D-5E381BDCD05F}.HCW_input_time_picker_Release|x64.ActiveCfg = HCW_input_time_picker_Release|x64
		{AA3090DF-1484-473C-A87D-5E381BDCD05F}.HCW_input_time_picker_Release|x64.Build.0 = HCW_input_time_picker_Release|x64
		{AA3090DF-1484-473C-A87D-5E381BDCD05F}.HCW_input_toggle_button_Debug|x64.ActiveCfg = HCW_input_toggle_button_Debug|x64
		{AA3090DF-1484-473C-A87D-5E381BDCD05F}.HCW_input_toggle_button_Debug|x64.Build.0 = HCW_input_toggle_button_Debug|x64
		{AA3090DF-1484-473C-A87D-5E381BDCD05F}.HCW_input_toggle_button_Release|x64.ActiveCfg = HCW_input_toggle_button_Release|x64
		{AA3090DF-1484-473C-A87D-5E381BDCD05F}.HCW_input_toggle_button_Release|x64.Build.0 = HCW_input_toggle_button_Release|x64
		{AA3090DF-1484-473C-A87D-5E381BDCD05F}.HCW_input_toggle_split_button_Debug|x64.ActiveCfg = HCW_input_toggle_split_button_Debug|x64
		{AA3090DF-1484-473C-A87D-5E381BDCD05F}.HCW_input_toggle_split_button_Debug|x64.Build.0 = HCW_input_toggle_split_button_Debug|x64
		{AA3090DF-1484-473C-A87D-5E381BDCD05F}.HCW_input_toggle_split_button_Release|x64.ActiveCfg = HCW_input_toggle_split_button_Release|x64
		{AA3090DF-1484-473C-A87D-5E381BDCD05F}.HCW_input_toggle_split_button_Release|x64.Build.0 = HCW_input_toggle_split_button_Release|x64
		{AA3090DF-1484-473C-A87D-5E381BDCD05F}.HCW_input_token_input_Debug|x64.ActiveCfg = HCW_input_token_input_Debug|x64
		{AA3090DF-1484-473C-A87D-5E381BDCD05F}.HCW_input_token_input_Debug|x64.Build.0 = HCW_input_token_input_Debug|x64
		{AA3090DF-1484-473C-A87D-5E381BDCD05F}.HCW_input_token_input_Release|x64.ActiveCfg = HCW_input_token_input_Release|x64
		{AA3090DF-1484-473C-A87D-5E381BDCD05F}.HCW_input_token_input_Release|x64.Build.0 = HCW_input_token_input_Release|x64
		{AA3090DF-1484-473C-A87D-5E381BDCD05F}.HCW_input_toolbar_Debug|x64.ActiveCfg = HCW_input_toolbar_Debug|x64
		{AA3090DF-1484-473C-A87D-5E381BDCD05F}.HCW_input_toolbar_Debug|x64.Build.0 = HCW_input_toolbar_Debug|x64
		{AA3090DF-1484-473C-A87D-5E381BDCD05F}.HCW_input_toolbar_Release|x64.ActiveCfg = HCW_input_toolbar_Release|x64
		{AA3090DF-1484-473C-A87D-5E381BDCD05F}.HCW_input_toolbar_Release|x64.Build.0 = HCW_input_toolbar_Release|x64
		{AA3090DF-1484-473C-A87D-5E381BDCD05F}.HCW_layout_accordion_Debug|x64.ActiveCfg = HCW_layout_accordion_Debug|x64
		{AA3090DF-1484-473C-A87D-5E381BDCD05F}.HCW_layout_accordion_Debug|x64.Build.0 = HCW_layout_accordion_Debug|x64
		{AA3090DF-1484-473C-A87D-5E381BDCD05F}.HCW_layout_accordion_Release|x64.ActiveCfg = HCW_layout_accordion_Release|x64
		{AA3090DF-1484-473C-A87D-5E381BDCD05F}.HCW_layout_accordion_Release|x64.Build.0 = HCW_layout_accordion_Release|x64
		{AA3090DF-1484-473C-A87D-5E381BDCD05F}.HCW_layout_adorner_decorator_Debug|x64.ActiveCfg = HCW_layout_adorner_decorator_Debug|x64
		{AA3090DF-1484-473C-A87D-5E381BDCD05F}.HCW_layout_adorner_decorator_Debug|x64.Build.0 = HCW_layout_adorner_decorator_Debug|x64
		{AA3090DF-1484-473C-A87D-5E381BDCD05F}.HCW_layout_adorner_decorator_Release|x64.ActiveCfg = HCW_layout_adorner_decorator_Release|x64
		{AA3090DF-1484-473C-A87D-5E381BDCD05F}.HCW_layout_adorner_decorator_Release|x64.Build.0 = HCW_layout_adorner_decorator_Release|x64
		{AA3090DF-1484-473C-A87D-5E381BDCD05F}.HCW_layout_block_ui_container_Debug|x64.ActiveCfg = HCW_layout_block_ui_container_Debug|x64
		{AA3090DF-1484-473C-A87D-5E381BDCD05F}.HCW_layout_block_ui_container_Debug|x64.Build.0 = HCW_layout_block_ui_container_Debug|x64
		{AA3090DF-1484-473C-A87D-5E381BDCD05F}.HCW_layout_block_ui_container_Release|x64.ActiveCfg = HCW_layout_block_ui_container_Release|x64
		{AA3090DF-1484-473C-A87D-5E381BDCD05F}.HCW_layout_block_ui_container_Release|x64.Build.0 = HCW_layout_block_ui_container_Release|x64
		{AA3090DF-1484-473C-A87D-5E381BDCD05F}.HCW_layout_border_Debug|x64.ActiveCfg = HCW_layout_border_Debug|x64
		{AA3090DF-1484-473C-A87D-5E381BDCD05F}.HCW_layout_border_Debug|x64.Build.0 = HCW_layout_border_Debug|x64
		{AA3090DF-1484-473C-A87D-5E381BDCD05F}.HCW_layout_border_Release|x64.ActiveCfg = HCW_layout_border_Release|x64
		{AA3090DF-1484-473C-A87D-5E381BDCD05F}.HCW_layout_border_Release|x64.Build.0 = HCW_layout_border_Release|x64
		{AA3090DF-1484-473C-A87D-5E381BDCD05F}.HCW_layout_bullet_decorator_Debug|x64.ActiveCfg = HCW_layout_bullet_decorator_Debug|x64
		{AA3090DF-1484-473C-A87D-5E381BDCD05F}.HCW_layout_bullet_decorator_Debug|x64.Build.0 = HCW_layout_bullet_decorator_Debug|x64
		{AA3090DF-1484-473C-A87D-5E381BDCD05F}.HCW_layout_bullet_decorator_Release|x64.ActiveCfg = HCW_layout_bullet_decorator_Release|x64
		{AA3090DF-1484-473C-A87D-5E381BDCD05F}.HCW_layout_bullet_decorator_Release|x64.Build.0 = HCW_layout_bullet_decorator_Release|x64
		{AA3090DF-1484-473C-A87D-5E381BDCD05F}.HCW_layout_canvas_Debug|x64.ActiveCfg = HCW_layout_canvas_Debug|x64
		{AA3090DF-1484-473C-A87D-5E381BDCD05F}.HCW_layout_canvas_Debug|x64.Build.0 = HCW_layout_canvas_Debug|x64
		{AA3090DF-1484-473C-A87D-5E381BDCD05F}.HCW_layout_canvas_Release|x64.ActiveCfg = HCW_layout_canvas_Release|x64
		{AA3090DF-1484-473C-A87D-5E381BDCD05F}.HCW_layout_canvas_Release|x64.Build.0 = HCW_layout_canvas_Release|x64
		{AA3090DF-1484-473C-A87D-5E381BDCD05F}.HCW_layout_card_action_Debug|x64.ActiveCfg = HCW_layout_card_action_Debug|x64
		{AA3090DF-1484-473C-A87D-5E381BDCD05F}.HCW_layout_card_action_Debug|x64.Build.0 = HCW_layout_card_action_Debug|x64
		{AA3090DF-1484-473C-A87D-5E381BDCD05F}.HCW_layout_card_action_Release|x64.ActiveCfg = HCW_layout_card_action_Release|x64
		{AA3090DF-1484-473C-A87D-5E381BDCD05F}.HCW_layout_card_action_Release|x64.Build.0 = HCW_layout_card_action_Release|x64
		{AA3090DF-1484-473C-A87D-5E381BDCD05F}.HCW_layout_card_control_Debug|x64.ActiveCfg = HCW_layout_card_control_Debug|x64
		{AA3090DF-1484-473C-A87D-5E381BDCD05F}.HCW_layout_card_control_Debug|x64.Build.0 = HCW_layout_card_control_Debug|x64
		{AA3090DF-1484-473C-A87D-5E381BDCD05F}.HCW_layout_card_control_Release|x64.ActiveCfg = HCW_layout_card_control_Release|x64
		{AA3090DF-1484-473C-A87D-5E381BDCD05F}.HCW_layout_card_control_Release|x64.Build.0 = HCW_layout_card_control_Release|x64
		{AA3090DF-1484-473C-A87D-5E381BDCD05F}.HCW_layout_card_expander_Debug|x64.ActiveCfg = HCW_layout_card_expander_Debug|x64
		{AA3090DF-1484-473C-A87D-5E381BDCD05F}.HCW_layout_card_expander_Debug|x64.Build.0 = HCW_layout_card_expander_Debug|x64
		{AA3090DF-1484-473C-A87D-5E381BDCD05F}.HCW_layout_card_expander_Release|x64.ActiveCfg = HCW_layout_card_expander_Release|x64
		{AA3090DF-1484-473C-A87D-5E381BDCD05F}.HCW_layout_card_expander_Release|x64.Build.0 = HCW_layout_card_expander_Release|x64
		{AA3090DF-1484-473C-A87D-5E381BDCD05F}.HCW_layout_content_control_Debug|x64.ActiveCfg = HCW_layout_content_control_Debug|x64
		{AA3090DF-1484-473C-A87D-5E381BDCD05F}.HCW_layout_content_control_Debug|x64.Build.0 = HCW_layout_content_control_Debug|x64
		{AA3090DF-1484-473C-A87D-5E381BDCD05F}.HCW_layout_content_control_Release|x64.ActiveCfg = HCW_layout_content_control_Release|x64
		{AA3090DF-1484-473C-A87D-5E381BDCD05F}.HCW_layout_content_control_Release|x64.Build.0 = HCW_layout_content_control_Release|x64
		{AA3090DF-1484-473C-A87D-5E381BDCD05F}.HCW_layout_content_presenter_Debug|x64.ActiveCfg = HCW_layout_content_presenter_Debug|x64
		{AA3090DF-1484-473C-A87D-5E381BDCD05F}.HCW_layout_content_presenter_Debug|x64.Build.0 = HCW_layout_content_presenter_Debug|x64
		{AA3090DF-1484-473C-A87D-5E381BDCD05F}.HCW_layout_content_presenter_Release|x64.ActiveCfg = HCW_layout_content_presenter_Release|x64
		{AA3090DF-1484-473C-A87D-5E381BDCD05F}.HCW_layout_content_presenter_Release|x64.Build.0 = HCW_layout_content_presenter_Release|x64
		{AA3090DF-1484-473C-A87D-5E381BDCD05F}.HCW_layout_data_grid_Debug|x64.ActiveCfg = HCW_layout_data_grid_Debug|x64
		{AA3090DF-1484-473C-A87D-5E381BDCD05F}.HCW_layout_data_grid_Debug|x64.Build.0 = HCW_layout_data_grid_Debug|x64
		{AA3090DF-1484-473C-A87D-5E381BDCD05F}.HCW_layout_data_grid_Release|x64.ActiveCfg = HCW_layout_data_grid_Release|x64
		{AA3090DF-1484-473C-A87D-5E381BDCD05F}.HCW_layout_data_grid_Release|x64.Build.0 = HCW_layout_data_grid_Release|x64
		{AA3090DF-1484-473C-A87D-5E381BDCD05F}.HCW_layout_data_list_panel_Debug|x64.ActiveCfg = HCW_layout_data_list_panel_Debug|x64
		{AA3090DF-1484-473C-A87D-5E381BDCD05F}.HCW_layout_data_list_panel_Debug|x64.Build.0 = HCW_layout_data_list_panel_Debug|x64
		{AA3090DF-1484-473C-A87D-5E381BDCD05F}.HCW_layout_data_list_panel_Release|x64.ActiveCfg = HCW_layout_data_list_panel_Release|x64
		{AA3090DF-1484-473C-A87D-5E381BDCD05F}.HCW_layout_data_list_panel_Release|x64.Build.0 = HCW_layout_data_list_panel_Release|x64
		{AA3090DF-1484-473C-A87D-5E381BDCD05F}.HCW_layout_dock_panel_Debug|x64.ActiveCfg = HCW_layout_dock_panel_Debug|x64
		{AA3090DF-1484-473C-A87D-5E381BDCD05F}.HCW_layout_dock_panel_Debug|x64.Build.0 = HCW_layout_dock_panel_Debug|x64
		{AA3090DF-1484-473C-A87D-5E381BDCD05F}.HCW_layout_dock_panel_Release|x64.ActiveCfg = HCW_layout_dock_panel_Release|x64
		{AA3090DF-1484-473C-A87D-5E381BDCD05F}.HCW_layout_dock_panel_Release|x64.Build.0 = HCW_layout_dock_panel_Release|x64
		{AA3090DF-1484-473C-A87D-5E381BDCD05F}.HCW_layout_drawer_Debug|x64.ActiveCfg = HCW_layout_drawer_Debug|x64
		{AA3090DF-1484-473C-A87D-5E381BDCD05F}.HCW_layout_drawer_Debug|x64.Build.0 = HCW_layout_drawer_Debug|x64
		{AA3090DF-1484-473C-A87D-5E381BDCD05F}.HCW_layout_drawer_Release|x64.ActiveCfg = HCW_layout_drawer_Release|x64
		{AA3090DF-1484-473C-A87D-5E381BDCD05F}.HCW_layout_drawer_Release|x64.Build.0 = HCW_layout_drawer_Release|x64
		{AA3090DF-1484-473C-A87D-5E381BDCD05F}.HCW_layout_expander_Debug|x64.ActiveCfg = HCW_layout_expander_Debug|x64
		{AA3090DF-1484-473C-A87D-5E381BDCD05F}.HCW_layout_expander_Debug|x64.Build.0 = HCW_layout_expander_Debug|x64
		{AA3090DF-1484-473C-A87D-5E381BDCD05F}.HCW_layout_expander_Release|x64.ActiveCfg = HCW_layout_expander_Release|x64
		{AA3090DF-1484-473C-A87D-5E381BDCD05F}.HCW_layout_expander_Release|x64.Build.0 = HCW_layout_expander_Release|x64
		{AA3090DF-1484-473C-A87D-5E381BDCD05F}.HCW_layout_figure_Debug|x64.ActiveCfg = HCW_layout_figure_Debug|x64
		{AA3090DF-1484-473C-A87D-5E381BDCD05F}.HCW_layout_figure_Debug|x64.Build.0 = HCW_layout_figure_Debug|x64
		{AA3090DF-1484-473C-A87D-5E381BDCD05F}.HCW_layout_figure_Release|x64.ActiveCfg = HCW_layout_figure_Release|x64
		{AA3090DF-1484-473C-A87D-5E381BDCD05F}.HCW_layout_figure_Release|x64.Build.0 = HCW_layout_figure_Release|x64
		{AA3090DF-1484-473C-A87D-5E381BDCD05F}.HCW_layout_floater_Debug|x64.ActiveCfg = HCW_layout_floater_Debug|x64
		{AA3090DF-1484-473C-A87D-5E381BDCD05F}.HCW_layout_floater_Debug|x64.Build.0 = HCW_layout_floater_Debug|x64
		{AA3090DF-1484-473C-A87D-5E381BDCD05F}.HCW_layout_floater_Release|x64.ActiveCfg = HCW_layout_floater_Release|x64
		{AA3090DF-1484-473C-A87D-5E381BDCD05F}.HCW_layout_floater_Release|x64.Build.0 = HCW_layout_floater_Release|x64
		{AA3090DF-1484-473C-A87D-5E381BDCD05F}.HCW_layout_grid_Debug|x64.ActiveCfg = HCW_layout_grid_Debug|x64
		{AA3090DF-1484-473C-A87D-5E381BDCD05F}.HCW_layout_grid_Debug|x64.Build.0 = HCW_layout_grid_Debug|x64
		{AA3090DF-1484-473C-A87D-5E381BDCD05F}.HCW_layout_grid_Release|x64.ActiveCfg = HCW_layout_grid_Release|x64
		{AA3090DF-1484-473C-A87D-5E381BDCD05F}.HCW_layout_grid_Release|x64.Build.0 = HCW_layout_grid_Release|x64
		{AA3090DF-1484-473C-A87D-5E381BDCD05F}.HCW_layout_grid_splitter_Debug|x64.ActiveCfg = HCW_layout_grid_splitter_Debug|x64
		{AA3090DF-1484-473C-A87D-5E381BDCD05F}.HCW_layout_grid_splitter_Debug|x64.Build.0 = HCW_layout_grid_splitter_Debug|x64
		{AA3090DF-1484-473C-A87D-5E381BDCD05F}.HCW_layout_grid_splitter_Release|x64.ActiveCfg = HCW_layout_grid_splitter_Release|x64
		{AA3090DF-1484-473C-A87D-5E381BDCD05F}.HCW_layout_grid_splitter_Release|x64.Build.0 = HCW_layout_grid_splitter_Release|x64
		{AA3090DF-1484-473C-A87D-5E381BDCD05F}.HCW_layout_grid_view_Debug|x64.ActiveCfg = HCW_layout_grid_view_Debug|x64
		{AA3090DF-1484-473C-A87D-5E381BDCD05F}.HCW_layout_grid_view_Debug|x64.Build.0 = HCW_layout_grid_view_Debug|x64
		{AA3090DF-1484-473C-A87D-5E381BDCD05F}.HCW_layout_grid_view_Release|x64.ActiveCfg = HCW_layout_grid_view_Release|x64
		{AA3090DF-1484-473C-A87D-5E381BDCD05F}.HCW_layout_grid_view_Release|x64.Build.0 = HCW_layout_grid_view_Release|x64
		{AA3090DF-1484-473C-A87D-5E381BDCD05F}.HCW_layout_group_box_Debug|x64.ActiveCfg = HCW_layout_group_box_Debug|x64
		{AA3090DF-1484-473C-A87D-5E381BDCD05F}.HCW_layout_group_box_Debug|x64.Build.0 = HCW_layout_group_box_Debug|x64
		{AA3090DF-1484-473C-A87D-5E381BDCD05F}.HCW_layout_group_box_Release|x64.ActiveCfg = HCW_layout_group_box_Release|x64
		{AA3090DF-1484-473C-A87D-5E381BDCD05F}.HCW_layout_group_box_Release|x64.Build.0 = HCW_layout_group_box_Release|x64
		{AA3090DF-1484-473C-A87D-5E381BDCD05F}.HCW_layout_headered_content_control_Debug|x64.ActiveCfg = HCW_layout_headered_content_control_Debug|x64
		{AA3090DF-1484-473C-A87D-5E381BDCD05F}.HCW_layout_headered_content_control_Debug|x64.Build.0 = HCW_layout_headered_content_control_Debug|x64
		{AA3090DF-1484-473C-A87D-5E381BDCD05F}.HCW_layout_headered_content_control_Release|x64.ActiveCfg = HCW_layout_headered_content_control_Release|x64
		{AA3090DF-1484-473C-A87D-5E381BDCD05F}.HCW_layout_headered_content_control_Release|x64.Build.0 = HCW_layout_headered_content_control_Release|x64
		{AA3090DF-1484-473C-A87D-5E381BDCD05F}.HCW_layout_headered_items_control_Debug|x64.ActiveCfg = HCW_layout_headered_items_control_Debug|x64
		{AA3090DF-1484-473C-A87D-5E381BDCD05F}.HCW_layout_headered_items_control_Debug|x64.Build.0 = HCW_layout_headered_items_control_Debug|x64
		{AA3090DF-1484-473C-A87D-5E381BDCD05F}.HCW_layout_headered_items_control_Release|x64.ActiveCfg = HCW_layout_headered_items_control_Release|x64
		{AA3090DF-1484-473C-A87D-5E381BDCD05F}.HCW_layout_headered_items_control_Release|x64.Build.0 = HCW_layout_headered_items_control_Release|x64
		{AA3090DF-1484-473C-A87D-5E381BDCD05F}.HCW_layout_inline_ui_container_Debug|x64.ActiveCfg = HCW_layout_inline_ui_container_Debug|x64
		{AA3090DF-1484-473C-A87D-5E381BDCD05F}.HCW_layout_inline_ui_container_Debug|x64.Build.0 = HCW_layout_inline_ui_container_Debug|x64
		{AA3090DF-1484-473C-A87D-5E381BDCD05F}.HCW_layout_inline_ui_container_Release|x64.ActiveCfg = HCW_layout_inline_ui_container_Release|x64
		{AA3090DF-1484-473C-A87D-5E381BDCD05F}.HCW_layout_inline_ui_container_Release|x64.Build.0 = HCW_layout_inline_ui_container_Release|x64
		{AA3090DF-1484-473C-A87D-5E381BDCD05F}.HCW_layout_items_control_Debug|x64.ActiveCfg = HCW_layout_items_control_Debug|x64
		{AA3090DF-1484-473C-A87D-5E381BDCD05F}.HCW_layout_items_control_Debug|x64.Build.0 = HCW_layout_items_control_Debug|x64
		{AA3090DF-1484-473C-A87D-5E381BDCD05F}.HCW_layout_items_control_Release|x64.ActiveCfg = HCW_layout_items_control_Release|x64
		{AA3090DF-1484-473C-A87D-5E381BDCD05F}.HCW_layout_items_control_Release|x64.Build.0 = HCW_layout_items_control_Release|x64
		{AA3090DF-1484-473C-A87D-5E381BDCD05F}.HCW_layout_items_repeater_Debug|x64.ActiveCfg = HCW_layout_items_repeater_Debug|x64
		{AA3090DF-1484-473C-A87D-5E381BDCD05F}.HCW_layout_items_repeater_Debug|x64.Build.0 = HCW_layout_items_repeater_Debug|x64
		{AA3090DF-1484-473C-A87D-5E381BDCD05F}.HCW_layout_items_repeater_Release|x64.ActiveCfg = HCW_layout_items_repeater_Release|x64
		{AA3090DF-1484-473C-A87D-5E381BDCD05F}.HCW_layout_items_repeater_Release|x64.Build.0 = HCW_layout_items_repeater_Release|x64
		{AA3090DF-1484-473C-A87D-5E381BDCD05F}.HCW_layout_list_Debug|x64.ActiveCfg = HCW_layout_list_Debug|x64
		{AA3090DF-1484-473C-A87D-5E381BDCD05F}.HCW_layout_list_Debug|x64.Build.0 = HCW_layout_list_Debug|x64
		{AA3090DF-1484-473C-A87D-5E381BDCD05F}.HCW_layout_list_Release|x64.ActiveCfg = HCW_layout_list_Release|x64
		{AA3090DF-1484-473C-A87D-5E381BDCD05F}.HCW_layout_list_Release|x64.Build.0 = HCW_layout_list_Release|x64
		{AA3090DF-1484-473C-A87D-5E381BDCD05F}.HCW_layout_master_detail_Debug|x64.ActiveCfg = HCW_layout_master_detail_Debug|x64
		{AA3090DF-1484-473C-A87D-5E381BDCD05F}.HCW_layout_master_detail_Debug|x64.Build.0 = HCW_layout_master_detail_Debug|x64
		{AA3090DF-1484-473C-A87D-5E381BDCD05F}.HCW_layout_master_detail_Release|x64.ActiveCfg = HCW_layout_master_detail_Release|x64
		{AA3090DF-1484-473C-A87D-5E381BDCD05F}.HCW_layout_master_detail_Release|x64.Build.0 = HCW_layout_master_detail_Release|x64
		{AA3090DF-1484-473C-A87D-5E381BDCD05F}.HCW_layout_parallax_view_Debug|x64.ActiveCfg = HCW_layout_parallax_view_Debug|x64
		{AA3090DF-1484-473C-A87D-5E381BDCD05F}.HCW_layout_parallax_view_Debug|x64.Build.0 = HCW_layout_parallax_view_Debug|x64
		{AA3090DF-1484-473C-A87D-5E381BDCD05F}.HCW_layout_parallax_view_Release|x64.ActiveCfg = HCW_layout_parallax_view_Release|x64
		{AA3090DF-1484-473C-A87D-5E381BDCD05F}.HCW_layout_parallax_view_Release|x64.Build.0 = HCW_layout_parallax_view_Release|x64
		{AA3090DF-1484-473C-A87D-5E381BDCD05F}.HCW_layout_relative_panel_Debug|x64.ActiveCfg = HCW_layout_relative_panel_Debug|x64
		{AA3090DF-1484-473C-A87D-5E381BDCD05F}.HCW_layout_relative_panel_Debug|x64.Build.0 = HCW_layout_relative_panel_Debug|x64
		{AA3090DF-1484-473C-A87D-5E381BDCD05F}.HCW_layout_relative_panel_Release|x64.ActiveCfg = HCW_layout_relative_panel_Release|x64
		{AA3090DF-1484-473C-A87D-5E381BDCD05F}.HCW_layout_relative_panel_Release|x64.Build.0 = HCW_layout_relative_panel_Release|x64
		{AA3090DF-1484-473C-A87D-5E381BDCD05F}.HCW_layout_resize_grip_Debug|x64.ActiveCfg = HCW_layout_resize_grip_Debug|x64
		{AA3090DF-1484-473C-A87D-5E381BDCD05F}.HCW_layout_resize_grip_Debug|x64.Build.0 = HCW_layout_resize_grip_Debug|x64
		{AA3090DF-1484-473C-A87D-5E381BDCD05F}.HCW_layout_resize_grip_Release|x64.ActiveCfg = HCW_layout_resize_grip_Release|x64
		{AA3090DF-1484-473C-A87D-5E381BDCD05F}.HCW_layout_resize_grip_Release|x64.Build.0 = HCW_layout_resize_grip_Release|x64
		{AA3090DF-1484-473C-A87D-5E381BDCD05F}.HCW_layout_scroll_presenter_Debug|x64.ActiveCfg = HCW_layout_scroll_presenter_Debug|x64
		{AA3090DF-1484-473C-A87D-5E381BDCD05F}.HCW_layout_scroll_presenter_Debug|x64.Build.0 = HCW_layout_scroll_presenter_Debug|x64
		{AA3090DF-1484-473C-A87D-5E381BDCD05F}.HCW_layout_scroll_presenter_Release|x64.ActiveCfg = HCW_layout_scroll_presenter_Release|x64
		{AA3090DF-1484-473C-A87D-5E381BDCD05F}.HCW_layout_scroll_presenter_Release|x64.Build.0 = HCW_layout_scroll_presenter_Release|x64
		{AA3090DF-1484-473C-A87D-5E381BDCD05F}.HCW_layout_scroll_viewer_Debug|x64.ActiveCfg = HCW_layout_scroll_viewer_Debug|x64
		{AA3090DF-1484-473C-A87D-5E381BDCD05F}.HCW_layout_scroll_viewer_Debug|x64.Build.0 = HCW_layout_scroll_viewer_Debug|x64
		{AA3090DF-1484-473C-A87D-5E381BDCD05F}.HCW_layout_scroll_viewer_Release|x64.ActiveCfg = HCW_layout_scroll_viewer_Release|x64
		{AA3090DF-1484-473C-A87D-5E381BDCD05F}.HCW_layout_scroll_viewer_Release|x64.Build.0 = HCW_layout_scroll_viewer_Release|x64
		{AA3090DF-1484-473C-A87D-5E381BDCD05F}.HCW_layout_settings_card_Debug|x64.ActiveCfg = HCW_layout_settings_card_Debug|x64
		{AA3090DF-1484-473C-A87D-5E381BDCD05F}.HCW_layout_settings_card_Debug|x64.Build.0 = HCW_layout_settings_card_Debug|x64
		{AA3090DF-1484-473C-A87D-5E381BDCD05F}.HCW_layout_settings_card_Release|x64.ActiveCfg = HCW_layout_settings_card_Release|x64
		{AA3090DF-1484-473C-A87D-5E381BDCD05F}.HCW_layout_settings_card_Release|x64.Build.0 = HCW_layout_settings_card_Release|x64
		{AA3090DF-1484-473C-A87D-5E381BDCD05F}.HCW_layout_settings_expander_Debug|x64.ActiveCfg = HCW_layout_settings_expander_Debug|x64
		{AA3090DF-1484-473C-A87D-5E381BDCD05F}.HCW_layout_settings_expander_Debug|x64.Build.0 = HCW_layout_settings_expander_Debug|x64
		{AA3090DF-1484-473C-A87D-5E381BDCD05F}.HCW_layout_settings_expander_Release|x64.ActiveCfg = HCW_layout_settings_expander_Release|x64
		{AA3090DF-1484-473C-A87D-5E381BDCD05F}.HCW_layout_settings_expander_Release|x64.Build.0 = HCW_layout_settings_expander_Release|x64
		{AA3090DF-1484-473C-A87D-5E381BDCD05F}.HCW_layout_settings_panel_Debug|x64.ActiveCfg = HCW_layout_settings_panel_Debug|x64
		{AA3090DF-1484-473C-A87D-5E381BDCD05F}.HCW_layout_settings_panel_Debug|x64.Build.0 = HCW_layout_settings_panel_Debug|x64
		{AA3090DF-1484-473C-A87D-5E381BDCD05F}.HCW_layout_settings_panel_Release|x64.ActiveCfg = HCW_layout_settings_panel_Release|x64
		{AA3090DF-1484-473C-A87D-5E381BDCD05F}.HCW_layout_settings_panel_Release|x64.Build.0 = HCW_layout_settings_panel_Release|x64
		{AA3090DF-1484-473C-A87D-5E381BDCD05F}.HCW_layout_split_view_Debug|x64.ActiveCfg = HCW_layout_split_view_Debug|x64
		{AA3090DF-1484-473C-A87D-5E381BDCD05F}.HCW_layout_split_view_Debug|x64.Build.0 = HCW_layout_split_view_Debug|x64
		{AA3090DF-1484-473C-A87D-5E381BDCD05F}.HCW_layout_split_view_Release|x64.ActiveCfg = HCW_layout_split_view_Release|x64
		{AA3090DF-1484-473C-A87D-5E381BDCD05F}.HCW_layout_split_view_Release|x64.Build.0 = HCW_layout_split_view_Release|x64
		{AA3090DF-1484-473C-A87D-5E381BDCD05F}.HCW_layout_stack_panel_Debug|x64.ActiveCfg = HCW_layout_stack_panel_Debug|x64
		{AA3090DF-1484-473C-A87D-5E381BDCD05F}.HCW_layout_stack_panel_Debug|x64.Build.0 = HCW_layout_stack_panel_Debug|x64
		{AA3090DF-1484-473C-A87D-5E381BDCD05F}.HCW_layout_stack_panel_Release|x64.ActiveCfg = HCW_layout_stack_panel_Release|x64
		{AA3090DF-1484-473C-A87D-5E381BDCD05F}.HCW_layout_stack_panel_Release|x64.Build.0 = HCW_layout_stack_panel_Release|x64
		{AA3090DF-1484-473C-A87D-5E381BDCD05F}.HCW_layout_two_pane_view_Debug|x64.ActiveCfg = HCW_layout_two_pane_view_Debug|x64
		{AA3090DF-1484-473C-A87D-5E381BDCD05F}.HCW_layout_two_pane_view_Debug|x64.Build.0 = HCW_layout_two_pane_view_Debug|x64
		{AA3090DF-1484-473C-A87D-5E381BDCD05F}.HCW_layout_two_pane_view_Release|x64.ActiveCfg = HCW_layout_two_pane_view_Release|x64
		{AA3090DF-1484-473C-A87D-5E381BDCD05F}.HCW_layout_two_pane_view_Release|x64.Build.0 = HCW_layout_two_pane_view_Release|x64
		{AA3090DF-1484-473C-A87D-5E381BDCD05F}.HCW_layout_uniform_grid_Debug|x64.ActiveCfg = HCW_layout_uniform_grid_Debug|x64
		{AA3090DF-1484-473C-A87D-5E381BDCD05F}.HCW_layout_uniform_grid_Debug|x64.Build.0 = HCW_layout_uniform_grid_Debug|x64
		{AA3090DF-1484-473C-A87D-5E381BDCD05F}.HCW_layout_uniform_grid_Release|x64.ActiveCfg = HCW_layout_uniform_grid_Release|x64
		{AA3090DF-1484-473C-A87D-5E381BDCD05F}.HCW_layout_uniform_grid_Release|x64.Build.0 = HCW_layout_uniform_grid_Release|x64
		{AA3090DF-1484-473C-A87D-5E381BDCD05F}.HCW_layout_viewbox_Debug|x64.ActiveCfg = HCW_layout_viewbox_Debug|x64
		{AA3090DF-1484-473C-A87D-5E381BDCD05F}.HCW_layout_viewbox_Debug|x64.Build.0 = HCW_layout_viewbox_Debug|x64
		{AA3090DF-1484-473C-A87D-5E381BDCD05F}.HCW_layout_viewbox_Release|x64.ActiveCfg = HCW_layout_viewbox_Release|x64
		{AA3090DF-1484-473C-A87D-5E381BDCD05F}.HCW_layout_viewbox_Release|x64.Build.0 = HCW_layout_viewbox_Release|x64
		{AA3090DF-1484-473C-A87D-5E381BDCD05F}.HCW_layout_virtualizing_stack_panel_Debug|x64.ActiveCfg = HCW_layout_virtualizing_stack_panel_Debug|x64
		{AA3090DF-1484-473C-A87D-5E381BDCD05F}.HCW_layout_virtualizing_stack_panel_Debug|x64.Build.0 = HCW_layout_virtualizing_stack_panel_Debug|x64
		{AA3090DF-1484-473C-A87D-5E381BDCD05F}.HCW_layout_virtualizing_stack_panel_Release|x64.ActiveCfg = HCW_layout_virtualizing_stack_panel_Release|x64
		{AA3090DF-1484-473C-A87D-5E381BDCD05F}.HCW_layout_virtualizing_stack_panel_Release|x64.Build.0 = HCW_layout_virtualizing_stack_panel_Release|x64
		{AA3090DF-1484-473C-A87D-5E381BDCD05F}.HCW_layout_virtualizing_wrap_panel_Debug|x64.ActiveCfg = HCW_layout_virtualizing_wrap_panel_Debug|x64
		{AA3090DF-1484-473C-A87D-5E381BDCD05F}.HCW_layout_virtualizing_wrap_panel_Debug|x64.Build.0 = HCW_layout_virtualizing_wrap_panel_Debug|x64
		{AA3090DF-1484-473C-A87D-5E381BDCD05F}.HCW_layout_virtualizing_wrap_panel_Release|x64.ActiveCfg = HCW_layout_virtualizing_wrap_panel_Release|x64
		{AA3090DF-1484-473C-A87D-5E381BDCD05F}.HCW_layout_virtualizing_wrap_panel_Release|x64.Build.0 = HCW_layout_virtualizing_wrap_panel_Release|x64
		{AA3090DF-1484-473C-A87D-5E381BDCD05F}.HCW_layout_wrap_panel_Debug|x64.ActiveCfg = HCW_layout_wrap_panel_Debug|x64
		{AA3090DF-1484-473C-A87D-5E381BDCD05F}.HCW_layout_wrap_panel_Debug|x64.Build.0 = HCW_layout_wrap_panel_Debug|x64
		{AA3090DF-1484-473C-A87D-5E381BDCD05F}.HCW_layout_wrap_panel_Release|x64.ActiveCfg = HCW_layout_wrap_panel_Release|x64
		{AA3090DF-1484-473C-A87D-5E381BDCD05F}.HCW_layout_wrap_panel_Release|x64.Build.0 = HCW_layout_wrap_panel_Release|x64
		{AA3090DF-1484-473C-A87D-5E381BDCD05F}.HCW_navigation_annotated_scroll_bar_Debug|x64.ActiveCfg = HCW_navigation_annotated_scroll_bar_Debug|x64
		{AA3090DF-1484-473C-A87D-5E381BDCD05F}.HCW_navigation_annotated_scroll_bar_Debug|x64.Build.0 = HCW_navigation_annotated_scroll_bar_Debug|x64
		{AA3090DF-1484-473C-A87D-5E381BDCD05F}.HCW_navigation_annotated_scroll_bar_Release|x64.ActiveCfg = HCW_navigation_annotated_scroll_bar_Release|x64
		{AA3090DF-1484-473C-A87D-5E381BDCD05F}.HCW_navigation_annotated_scroll_bar_Release|x64.Build.0 = HCW_navigation_annotated_scroll_bar_Release|x64
		{AA3090DF-1484-473C-A87D-5E381BDCD05F}.HCW_navigation_breadcrumb_bar_Debug|x64.ActiveCfg = HCW_navigation_breadcrumb_bar_Debug|x64
		{AA3090DF-1484-473C-A87D-5E381BDCD05F}.HCW_navigation_breadcrumb_bar_Debug|x64.Build.0 = HCW_navigation_breadcrumb_bar_Debug|x64
		{AA3090DF-1484-473C-A87D-5E381BDCD05F}.HCW_navigation_breadcrumb_bar_Release|x64.ActiveCfg = HCW_navigation_breadcrumb_bar_Release|x64
		{AA3090DF-1484-473C-A87D-5E381BDCD05F}.HCW_navigation_breadcrumb_bar_Release|x64.Build.0 = HCW_navigation_breadcrumb_bar_Release|x64
		{AA3090DF-1484-473C-A87D-5E381BDCD05F}.HCW_navigation_flip_view_Debug|x64.ActiveCfg = HCW_navigation_flip_view_Debug|x64
		{AA3090DF-1484-473C-A87D-5E381BDCD05F}.HCW_navigation_flip_view_Debug|x64.Build.0 = HCW_navigation_flip_view_Debug|x64
		{AA3090DF-1484-473C-A87D-5E381BDCD05F}.HCW_navigation_flip_view_Release|x64.ActiveCfg = HCW_navigation_flip_view_Release|x64
		{AA3090DF-1484-473C-A87D-5E381BDCD05F}.HCW_navigation_flip_view_Release|x64.Build.0 = HCW_navigation_flip_view_Release|x64
		{AA3090DF-1484-473C-A87D-5E381BDCD05F}.HCW_navigation_menu_bar_Debug|x64.ActiveCfg = HCW_navigation_menu_bar_Debug|x64
		{AA3090DF-1484-473C-A87D-5E381BDCD05F}.HCW_navigation_menu_bar_Debug|x64.Build.0 = HCW_navigation_menu_bar_Debug|x64
		{AA3090DF-1484-473C-A87D-5E381BDCD05F}.HCW_navigation_menu_bar_Release|x64.ActiveCfg = HCW_navigation_menu_bar_Release|x64
		{AA3090DF-1484-473C-A87D-5E381BDCD05F}.HCW_navigation_menu_bar_Release|x64.Build.0 = HCW_navigation_menu_bar_Release|x64
		{AA3090DF-1484-473C-A87D-5E381BDCD05F}.HCW_navigation_menu_flyout_Debug|x64.ActiveCfg = HCW_navigation_menu_flyout_Debug|x64
		{AA3090DF-1484-473C-A87D-5E381BDCD05F}.HCW_navigation_menu_flyout_Debug|x64.Build.0 = HCW_navigation_menu_flyout_Debug|x64
		{AA3090DF-1484-473C-A87D-5E381BDCD05F}.HCW_navigation_menu_flyout_Release|x64.ActiveCfg = HCW_navigation_menu_flyout_Release|x64
		{AA3090DF-1484-473C-A87D-5E381BDCD05F}.HCW_navigation_menu_flyout_Release|x64.Build.0 = HCW_navigation_menu_flyout_Release|x64
		{AA3090DF-1484-473C-A87D-5E381BDCD05F}.HCW_navigation_nav_panel_Debug|x64.ActiveCfg = HCW_navigation_nav_panel_Debug|x64
		{AA3090DF-1484-473C-A87D-5E381BDCD05F}.HCW_navigation_nav_panel_Debug|x64.Build.0 = HCW_navigation_nav_panel_Debug|x64
		{AA3090DF-1484-473C-A87D-5E381BDCD05F}.HCW_navigation_nav_panel_Release|x64.ActiveCfg = HCW_navigation_nav_panel_Release|x64
		{AA3090DF-1484-473C-A87D-5E381BDCD05F}.HCW_navigation_nav_panel_Release|x64.Build.0 = HCW_navigation_nav_panel_Release|x64
		{AA3090DF-1484-473C-A87D-5E381BDCD05F}.HCW_navigation_pips_pager_Debug|x64.ActiveCfg = HCW_navigation_pips_pager_Debug|x64
		{AA3090DF-1484-473C-A87D-5E381BDCD05F}.HCW_navigation_pips_pager_Debug|x64.Build.0 = HCW_navigation_pips_pager_Debug|x64
		{AA3090DF-1484-473C-A87D-5E381BDCD05F}.HCW_navigation_pips_pager_Release|x64.ActiveCfg = HCW_navigation_pips_pager_Release|x64
		{AA3090DF-1484-473C-A87D-5E381BDCD05F}.HCW_navigation_pips_pager_Release|x64.Build.0 = HCW_navigation_pips_pager_Release|x64
		{AA3090DF-1484-473C-A87D-5E381BDCD05F}.HCW_navigation_pivot_Debug|x64.ActiveCfg = HCW_navigation_pivot_Debug|x64
		{AA3090DF-1484-473C-A87D-5E381BDCD05F}.HCW_navigation_pivot_Debug|x64.Build.0 = HCW_navigation_pivot_Debug|x64
		{AA3090DF-1484-473C-A87D-5E381BDCD05F}.HCW_navigation_pivot_Release|x64.ActiveCfg = HCW_navigation_pivot_Release|x64
		{AA3090DF-1484-473C-A87D-5E381BDCD05F}.HCW_navigation_pivot_Release|x64.Build.0 = HCW_navigation_pivot_Release|x64
		{AA3090DF-1484-473C-A87D-5E381BDCD05F}.HCW_navigation_selector_bar_Debug|x64.ActiveCfg = HCW_navigation_selector_bar_Debug|x64
		{AA3090DF-1484-473C-A87D-5E381BDCD05F}.HCW_navigation_selector_bar_Debug|x64.Build.0 = HCW_navigation_selector_bar_Debug|x64
		{AA3090DF-1484-473C-A87D-5E381BDCD05F}.HCW_navigation_selector_bar_Release|x64.ActiveCfg = HCW_navigation_selector_bar_Release|x64
		{AA3090DF-1484-473C-A87D-5E381BDCD05F}.HCW_navigation_selector_bar_Release|x64.Build.0 = HCW_navigation_selector_bar_Release|x64
		{AA3090DF-1484-473C-A87D-5E381BDCD05F}.HCW_navigation_tab_strip_Debug|x64.ActiveCfg = HCW_navigation_tab_strip_Debug|x64
		{AA3090DF-1484-473C-A87D-5E381BDCD05F}.HCW_navigation_tab_strip_Debug|x64.Build.0 = HCW_navigation_tab_strip_Debug|x64
		{AA3090DF-1484-473C-A87D-5E381BDCD05F}.HCW_navigation_tab_strip_Release|x64.ActiveCfg = HCW_navigation_tab_strip_Release|x64
		{AA3090DF-1484-473C-A87D-5E381BDCD05F}.HCW_navigation_tab_strip_Release|x64.Build.0 = HCW_navigation_tab_strip_Release|x64
		{AA3090DF-1484-473C-A87D-5E381BDCD05F}.HCW_navigation_tab_view_Debug|x64.ActiveCfg = HCW_navigation_tab_view_Debug|x64
		{AA3090DF-1484-473C-A87D-5E381BDCD05F}.HCW_navigation_tab_view_Debug|x64.Build.0 = HCW_navigation_tab_view_Debug|x64
		{AA3090DF-1484-473C-A87D-5E381BDCD05F}.HCW_navigation_tab_view_Release|x64.ActiveCfg = HCW_navigation_tab_view_Release|x64
		{AA3090DF-1484-473C-A87D-5E381BDCD05F}.HCW_navigation_tab_view_Release|x64.Build.0 = HCW_navigation_tab_view_Release|x64
		{AA3090DF-1484-473C-A87D-5E381BDCD05F}.HCW_navigation_title_bar_Debug|x64.ActiveCfg = HCW_navigation_title_bar_Debug|x64
		{AA3090DF-1484-473C-A87D-5E381BDCD05F}.HCW_navigation_title_bar_Debug|x64.Build.0 = HCW_navigation_title_bar_Debug|x64
		{AA3090DF-1484-473C-A87D-5E381BDCD05F}.HCW_navigation_title_bar_Release|x64.ActiveCfg = HCW_navigation_title_bar_Release|x64
		{AA3090DF-1484-473C-A87D-5E381BDCD05F}.HCW_navigation_title_bar_Release|x64.Build.0 = HCW_navigation_title_bar_Release|x64
		{AA3090DF-1484-473C-A87D-5E381BDCD05F}.HCW_navigation_tree_view_Debug|x64.ActiveCfg = HCW_navigation_tree_view_Debug|x64
		{AA3090DF-1484-473C-A87D-5E381BDCD05F}.HCW_navigation_tree_view_Debug|x64.Build.0 = HCW_navigation_tree_view_Debug|x64
		{AA3090DF-1484-473C-A87D-5E381BDCD05F}.HCW_navigation_tree_view_Release|x64.ActiveCfg = HCW_navigation_tree_view_Release|x64
		{AA3090DF-1484-473C-A87D-5E381BDCD05F}.HCW_navigation_tree_view_Release|x64.Build.0 = HCW_navigation_tree_view_Release|x64
	EndGlobalSection
	GlobalSection(SolutionProperties) = preSolution
		HideSolutionNode = FALSE
	EndGlobalSection
	GlobalSection(ExtensibilityGlobals) = postSolution
		SolutionGuid = {BDBBFA23-8331-47B0-A30A-9D067B52FA1E}
	EndGlobalSection
EndGlobal
